Microsoft Visual Studio Solution File, Format Version 12.00
# Visual Studio Version 17
VisualStudioVersion = 17.5.2.0
MinimumVisualStudioVersion = 10.0.40219.1
Project("{FAE04EC0-301F-11D3-BF4B-00C04F79EFBC}") = "200_azure_openai_csharp", "200_azure_openai_csharp\200_azure_openai_csharp.csproj", "{35F54922-8C46-CA23-52F2-89BB4E5BB3C8}"
EndProject
Global
	GlobalSection(SolutionConfigurationPlatforms) = preSolution
		Debug|Any CPU = Debug|Any CPU
		Release|Any CPU = Release|Any CPU
	EndGlobalSection
	GlobalSection(ProjectConfigurationPlatforms) = postSolution
		{35F54922-8C46-CA23-52F2-89BB4E5BB3C8}.Debug|Any CPU.ActiveCfg = Debug|Any CPU
		{35F54922-8C46-CA23-52F2-89BB4E5BB3C8}.Debug|Any CPU.Build.0 = Debug|Any CPU
		{35F54922-8C46-CA23-52F2-89BB4E5BB3C8}.Release|Any CPU.ActiveCfg = Release|Any CPU
		{35F54922-8C46-CA23-52F2-89BB4E5BB3C8}.Release|Any CPU.Build.0 = Release|Any CPU
	EndGlobalSection
	GlobalSection(SolutionProperties) = preSolution
		HideSolutionNode = FALSE
	EndGlobalSection
	GlobalSection(ExtensibilityGlobals) = postSolution
		SolutionGuid = {EB933696-4BC2-4302-AF9D-C3CFE9051B6A}
	EndGlobalSection
EndGlobal
