{
  "version": 4,
  "terraform_version": "1.10.1",
  "serial": 36,
  "lineage": "3e0fef94-81be-809c-bcb3-cc77ad68b818",
  "outputs": {
    "apim_gateway_url": {
      "value": "https://apim-external-ubet9-300dev.azure-api.net",
      "type": "string"
    },
    "apim_subscription_key": {
      "value": "16c72819ad7d45e591637834aed5d04f",
      "type": "string",
      "sensitive": true
    }
  },
  "resources": [
    {
      "mode": "managed",
      "type": "azapi_resource",
      "name": "openai-backend-pool",
      "provider": "provider[\"registry.terraform.io/azure/azapi\"]",
      "instances": [
        {
          "schema_version": 2,
          "attributes": {
            "body": {
              "value": {
                "properties": {
                  "pool": {
                    "services": [
                      {
                        "id": "/subscriptions/dcef7009-6b94-4382-afdc-17eb160d709a/resourceGroups/rg-apim-genai-300dev/providers/Microsoft.ApiManagement/service/apim-external-ubet9-300dev/backends/openaifrc",
                        "priority": 1,
                        "weight": 10
                      },
                      {
                        "id": "/subscriptions/dcef7009-6b94-4382-afdc-17eb160d709a/resourceGroups/rg-apim-genai-300dev/providers/Microsoft.ApiManagement/service/apim-external-ubet9-300dev/backends/openaiswc",
                        "priority": 1,
                        "weight": 10
                      },
                      {
                        "id": "/subscriptions/dcef7009-6b94-4382-afdc-17eb160d709a/resourceGroups/rg-apim-genai-300dev/providers/Microsoft.ApiManagement/service/apim-external-ubet9-300dev/backends/openaiuks",
                        "priority": 1,
                        "weight": 80
                      }
                    ]
                  },
                  "type": "Pool"
                }
              },
              "type": [
                "object",
                {
                  "properties": [
                    "object",
                    {
                      "pool": [
                        "object",
                        {
                          "services": [
                            "tuple",
                            [
                              [
                                "object",
                                {
                                  "id": "string",
                                  "priority": "number",
                                  "weight": "number"
                                }
                              ],
                              [
                                "object",
                                {
                                  "id": "string",
                                  "priority": "number",
                                  "weight": "number"
                                }
                              ],
                              [
                                "object",
                                {
                                  "id": "string",
                                  "priority": "number",
                                  "weight": "number"
                                }
                              ]
                            ]
                          ]
                        }
                      ],
                      "type": "string"
                    }
                  ]
                }
              ]
            },
            "create_headers": null,
            "create_query_parameters": null,
            "delete_headers": null,
            "delete_query_parameters": null,
            "id": "/subscriptions/dcef7009-6b94-4382-afdc-17eb160d709a/resourceGroups/rg-apim-genai-300dev/providers/Microsoft.ApiManagement/service/apim-external-ubet9-300dev/backends/openai-backend-pool",
            "identity": [],
            "ignore_casing": false,
            "ignore_missing_property": true,
            "location": null,
            "locks": null,
            "name": "openai-backend-pool",
            "output": {
              "value": {
                "id": "/subscriptions/dcef7009-6b94-4382-afdc-17eb160d709a/resourceGroups/rg-apim-genai-300dev/providers/Microsoft.ApiManagement/service/apim-external-ubet9-300dev/backends/openai-backend-pool",
                "properties": {
                  "pool": {
                    "services": [
                      {},
                      {},
                      {}
                    ]
                  }
                },
                "type": "Microsoft.ApiManagement/service/backends"
              },
              "type": [
                "object",
                {
                  "id": "string",
                  "properties": [
                    "object",
                    {
                      "pool": [
                        "object",
                        {
                          "services": [
                            "tuple",
                            [
                              [
                                "object",
                                {}
                              ],
                              [
                                "object",
                                {}
                              ],
                              [
                                "object",
                                {}
                              ]
                            ]
                          ]
                        }
                      ]
                    }
                  ],
                  "type": "string"
                }
              ]
            },
            "parent_id": "/subscriptions/dcef7009-6b94-4382-afdc-17eb160d709a/resourceGroups/rg-apim-genai-300dev/providers/Microsoft.ApiManagement/service/apim-external-ubet9-300dev",
            "read_headers": null,
            "read_query_parameters": null,
            "replace_triggers_external_values": null,
            "replace_triggers_refs": null,
            "response_export_values": null,
            "retry": null,
            "schema_validation_enabled": false,
            "tags": null,
            "timeouts": null,
            "type": "Microsoft.ApiManagement/service/backends@2024-06-01-preview",
            "update_headers": null,
            "update_query_parameters": null
          },
          "sensitive_attributes": [],
          "dependencies": [
            "azurerm_api_management.apim",
            "azurerm_api_management_backend.openai",
            "azurerm_cognitive_account.openai",
            "azurerm_network_security_group.nsg-apim",
            "azurerm_public_ip.pip-apim",
            "azurerm_resource_group.rg",
            "azurerm_subnet.snet-apim",
            "azurerm_subnet_network_security_group_association.nsg-association",
            "azurerm_virtual_network.vnet-app",
            "random_string.random"
          ]
        }
      ]
    },
    {
      "mode": "managed",
      "type": "azapi_update_resource",
      "name": "circuit-breaker",
      "provider": "provider[\"registry.terraform.io/azure/azapi\"]",
      "instances": [
        {
          "index_key": "openai-frc",
          "schema_version": 2,
          "attributes": {
            "body": {
              "value": {
                "properties": {
                  "circuitBreaker": {
                    "rules": [
                      {
                        "acceptRetryAfter": true,
                        "failureCondition": {
                          "count": 1,
                          "errorReasons": [
                            "Server errors"
                          ],
                          "interval": "PT5M",
                          "statusCodeRanges": [
                            {
                              "max": 429,
                              "min": 429
                            }
                          ]
                        },
                        "name": "openAIBreakerRule",
                        "tripDuration": "PT1M"
                      }
                    ]
                  }
                }
              },
              "type": [
                "object",
                {
                  "properties": [
                    "object",
                    {
                      "circuitBreaker": [
                        "object",
                        {
                          "rules": [
                            "tuple",
                            [
                              [
                                "object",
                                {
                                  "acceptRetryAfter": "bool",
                                  "failureCondition": [
                                    "object",
                                    {
                                      "count": "number",
                                      "errorReasons": [
                                        "tuple",
                                        [
                                          "string"
                                        ]
                                      ],
                                      "interval": "string",
                                      "statusCodeRanges": [
                                        "tuple",
                                        [
                                          [
                                            "object",
                                            {
                                              "max": "number",
                                              "min": "number"
                                            }
                                          ]
                                        ]
                                      ]
                                    }
                                  ],
                                  "name": "string",
                                  "tripDuration": "string"
                                }
                              ]
                            ]
                          ]
                        }
                      ]
                    }
                  ]
                }
              ]
            },
            "id": "/subscriptions/dcef7009-6b94-4382-afdc-17eb160d709a/resourceGroups/rg-apim-genai-300dev/providers/Microsoft.ApiManagement/service/apim-external-ubet9-300dev/backends/openaifrc",
            "ignore_casing": false,
            "ignore_missing_property": true,
            "locks": null,
            "name": "openaifrc",
            "output": {
              "value": {
                "id": "/subscriptions/dcef7009-6b94-4382-afdc-17eb160d709a/resourceGroups/rg-apim-genai-300dev/providers/Microsoft.ApiManagement/service/apim-external-ubet9-300dev/backends/openaifrc",
                "properties": {
                  "circuitBreaker": {
                    "rules": [
                      {
                        "failureCondition": {
                          "errorReasons": [
                            "Server errors"
                          ],
                          "statusCodeRanges": [
                            {}
                          ]
                        }
                      }
                    ]
                  }
                },
                "type": "Microsoft.ApiManagement/service/backends"
              },
              "type": [
                "object",
                {
                  "id": "string",
                  "properties": [
                    "object",
                    {
                      "circuitBreaker": [
                        "object",
                        {
                          "rules": [
                            "tuple",
                            [
                              [
                                "object",
                                {
                                  "failureCondition": [
                                    "object",
                                    {
                                      "errorReasons": [
                                        "tuple",
                                        [
                                          "string"
                                        ]
                                      ],
                                      "statusCodeRanges": [
                                        "tuple",
                                        [
                                          [
                                            "object",
                                            {}
                                          ]
                                        ]
                                      ]
                                    }
                                  ]
                                }
                              ]
                            ]
                          ]
                        }
                      ]
                    }
                  ],
                  "type": "string"
                }
              ]
            },
            "parent_id": "/subscriptions/dcef7009-6b94-4382-afdc-17eb160d709a/resourceGroups/rg-apim-genai-300dev/providers/Microsoft.ApiManagement/service/apim-external-ubet9-300dev",
            "read_headers": null,
            "read_query_parameters": null,
            "resource_id": "/subscriptions/dcef7009-6b94-4382-afdc-17eb160d709a/resourceGroups/rg-apim-genai-300dev/providers/Microsoft.ApiManagement/service/apim-external-ubet9-300dev/backends/openaifrc",
            "response_export_values": null,
            "retry": null,
            "timeouts": null,
            "type": "Microsoft.ApiManagement/service/backends@2024-06-01-preview",
            "update_headers": null,
            "update_query_parameters": null
          },
          "sensitive_attributes": [],
          "dependencies": [
            "azurerm_api_management.apim",
            "azurerm_api_management_backend.openai",
            "azurerm_cognitive_account.openai",
            "azurerm_network_security_group.nsg-apim",
            "azurerm_public_ip.pip-apim",
            "azurerm_resource_group.rg",
            "azurerm_subnet.snet-apim",
            "azurerm_subnet_network_security_group_association.nsg-association",
            "azurerm_virtual_network.vnet-app",
            "random_string.random"
          ]
        },
        {
          "index_key": "openai-swc",
          "schema_version": 2,
          "attributes": {
            "body": {
              "value": {
                "properties": {
                  "circuitBreaker": {
                    "rules": [
                      {
                        "acceptRetryAfter": true,
                        "failureCondition": {
                          "count": 1,
                          "errorReasons": [
                            "Server errors"
                          ],
                          "interval": "PT5M",
                          "statusCodeRanges": [
                            {
                              "max": 429,
                              "min": 429
                            }
                          ]
                        },
                        "name": "openAIBreakerRule",
                        "tripDuration": "PT1M"
                      }
                    ]
                  }
                }
              },
              "type": [
                "object",
                {
                  "properties": [
                    "object",
                    {
                      "circuitBreaker": [
                        "object",
                        {
                          "rules": [
                            "tuple",
                            [
                              [
                                "object",
                                {
                                  "acceptRetryAfter": "bool",
                                  "failureCondition": [
                                    "object",
                                    {
                                      "count": "number",
                                      "errorReasons": [
                                        "tuple",
                                        [
                                          "string"
                                        ]
                                      ],
                                      "interval": "string",
                                      "statusCodeRanges": [
                                        "tuple",
                                        [
                                          [
                                            "object",
                                            {
                                              "max": "number",
                                              "min": "number"
                                            }
                                          ]
                                        ]
                                      ]
                                    }
                                  ],
                                  "name": "string",
                                  "tripDuration": "string"
                                }
                              ]
                            ]
                          ]
                        }
                      ]
                    }
                  ]
                }
              ]
            },
            "id": "/subscriptions/dcef7009-6b94-4382-afdc-17eb160d709a/resourceGroups/rg-apim-genai-300dev/providers/Microsoft.ApiManagement/service/apim-external-ubet9-300dev/backends/openaiswc",
            "ignore_casing": false,
            "ignore_missing_property": true,
            "locks": null,
            "name": "openaiswc",
            "output": {
              "value": {
                "id": "/subscriptions/dcef7009-6b94-4382-afdc-17eb160d709a/resourceGroups/rg-apim-genai-300dev/providers/Microsoft.ApiManagement/service/apim-external-ubet9-300dev/backends/openaiswc",
                "properties": {
                  "circuitBreaker": {
                    "rules": [
                      {
                        "failureCondition": {
                          "errorReasons": [
                            "Server errors"
                          ],
                          "statusCodeRanges": [
                            {}
                          ]
                        }
                      }
                    ]
                  }
                },
                "type": "Microsoft.ApiManagement/service/backends"
              },
              "type": [
                "object",
                {
                  "id": "string",
                  "properties": [
                    "object",
                    {
                      "circuitBreaker": [
                        "object",
                        {
                          "rules": [
                            "tuple",
                            [
                              [
                                "object",
                                {
                                  "failureCondition": [
                                    "object",
                                    {
                                      "errorReasons": [
                                        "tuple",
                                        [
                                          "string"
                                        ]
                                      ],
                                      "statusCodeRanges": [
                                        "tuple",
                                        [
                                          [
                                            "object",
                                            {}
                                          ]
                                        ]
                                      ]
                                    }
                                  ]
                                }
                              ]
                            ]
                          ]
                        }
                      ]
                    }
                  ],
                  "type": "string"
                }
              ]
            },
            "parent_id": "/subscriptions/dcef7009-6b94-4382-afdc-17eb160d709a/resourceGroups/rg-apim-genai-300dev/providers/Microsoft.ApiManagement/service/apim-external-ubet9-300dev",
            "read_headers": null,
            "read_query_parameters": null,
            "resource_id": "/subscriptions/dcef7009-6b94-4382-afdc-17eb160d709a/resourceGroups/rg-apim-genai-300dev/providers/Microsoft.ApiManagement/service/apim-external-ubet9-300dev/backends/openaiswc",
            "response_export_values": null,
            "retry": null,
            "timeouts": null,
            "type": "Microsoft.ApiManagement/service/backends@2024-06-01-preview",
            "update_headers": null,
            "update_query_parameters": null
          },
          "sensitive_attributes": [],
          "dependencies": [
            "azurerm_api_management.apim",
            "azurerm_api_management_backend.openai",
            "azurerm_cognitive_account.openai",
            "azurerm_network_security_group.nsg-apim",
            "azurerm_public_ip.pip-apim",
            "azurerm_resource_group.rg",
            "azurerm_subnet.snet-apim",
            "azurerm_subnet_network_security_group_association.nsg-association",
            "azurerm_virtual_network.vnet-app",
            "random_string.random"
          ]
        },
        {
          "index_key": "openai-uks",
          "schema_version": 2,
          "attributes": {
            "body": {
              "value": {
                "properties": {
                  "circuitBreaker": {
                    "rules": [
                      {
                        "acceptRetryAfter": true,
                        "failureCondition": {
                          "count": 1,
                          "errorReasons": [
                            "Server errors"
                          ],
                          "interval": "PT5M",
                          "statusCodeRanges": [
                            {
                              "max": 429,
                              "min": 429
                            }
                          ]
                        },
                        "name": "openAIBreakerRule",
                        "tripDuration": "PT1M"
                      }
                    ]
                  }
                }
              },
              "type": [
                "object",
                {
                  "properties": [
                    "object",
                    {
                      "circuitBreaker": [
                        "object",
                        {
                          "rules": [
                            "tuple",
                            [
                              [
                                "object",
                                {
                                  "acceptRetryAfter": "bool",
                                  "failureCondition": [
                                    "object",
                                    {
                                      "count": "number",
                                      "errorReasons": [
                                        "tuple",
                                        [
                                          "string"
                                        ]
                                      ],
                                      "interval": "string",
                                      "statusCodeRanges": [
                                        "tuple",
                                        [
                                          [
                                            "object",
                                            {
                                              "max": "number",
                                              "min": "number"
                                            }
                                          ]
                                        ]
                                      ]
                                    }
                                  ],
                                  "name": "string",
                                  "tripDuration": "string"
                                }
                              ]
                            ]
                          ]
                        }
                      ]
                    }
                  ]
                }
              ]
            },
            "id": "/subscriptions/dcef7009-6b94-4382-afdc-17eb160d709a/resourceGroups/rg-apim-genai-300dev/providers/Microsoft.ApiManagement/service/apim-external-ubet9-300dev/backends/openaiuks",
            "ignore_casing": false,
            "ignore_missing_property": true,
            "locks": null,
            "name": "openaiuks",
            "output": {
              "value": {
                "id": "/subscriptions/dcef7009-6b94-4382-afdc-17eb160d709a/resourceGroups/rg-apim-genai-300dev/providers/Microsoft.ApiManagement/service/apim-external-ubet9-300dev/backends/openaiuks",
                "properties": {
                  "circuitBreaker": {
                    "rules": [
                      {
                        "failureCondition": {
                          "errorReasons": [
                            "Server errors"
                          ],
                          "statusCodeRanges": [
                            {}
                          ]
                        }
                      }
                    ]
                  }
                },
                "type": "Microsoft.ApiManagement/service/backends"
              },
              "type": [
                "object",
                {
                  "id": "string",
                  "properties": [
                    "object",
                    {
                      "circuitBreaker": [
                        "object",
                        {
                          "rules": [
                            "tuple",
                            [
                              [
                                "object",
                                {
                                  "failureCondition": [
                                    "object",
                                    {
                                      "errorReasons": [
                                        "tuple",
                                        [
                                          "string"
                                        ]
                                      ],
                                      "statusCodeRanges": [
                                        "tuple",
                                        [
                                          [
                                            "object",
                                            {}
                                          ]
                                        ]
                                      ]
                                    }
                                  ]
                                }
                              ]
                            ]
                          ]
                        }
                      ]
                    }
                  ],
                  "type": "string"
                }
              ]
            },
            "parent_id": "/subscriptions/dcef7009-6b94-4382-afdc-17eb160d709a/resourceGroups/rg-apim-genai-300dev/providers/Microsoft.ApiManagement/service/apim-external-ubet9-300dev",
            "read_headers": null,
            "read_query_parameters": null,
            "resource_id": "/subscriptions/dcef7009-6b94-4382-afdc-17eb160d709a/resourceGroups/rg-apim-genai-300dev/providers/Microsoft.ApiManagement/service/apim-external-ubet9-300dev/backends/openaiuks",
            "response_export_values": null,
            "retry": null,
            "timeouts": null,
            "type": "Microsoft.ApiManagement/service/backends@2024-06-01-preview",
            "update_headers": null,
            "update_query_parameters": null
          },
          "sensitive_attributes": [],
          "dependencies": [
            "azurerm_api_management.apim",
            "azurerm_api_management_backend.openai",
            "azurerm_cognitive_account.openai",
            "azurerm_network_security_group.nsg-apim",
            "azurerm_public_ip.pip-apim",
            "azurerm_resource_group.rg",
            "azurerm_subnet.snet-apim",
            "azurerm_subnet_network_security_group_association.nsg-association",
            "azurerm_virtual_network.vnet-app",
            "random_string.random"
          ]
        }
      ]
    },
    {
      "mode": "managed",
      "type": "azurerm_ai_services",
      "name": "ai-services",
      "provider": "provider[\"registry.terraform.io/hashicorp/azurerm\"]",
      "instances": [
        {
          "schema_version": 0,
          "attributes": {
            "custom_subdomain_name": "",
            "customer_managed_key": [],
            "endpoint": "https://swedencentral.api.cognitive.microsoft.com/",
            "fqdns": null,
            "id": "/subscriptions/dcef7009-6b94-4382-afdc-17eb160d709a/resourceGroups/rg-apim-genai-300dev/providers/Microsoft.CognitiveServices/accounts/ai-services",
            "identity": [
              {
                "identity_ids": null,
                "principal_id": "4e777963-d90d-4782-80e4-92807563881b",
                "tenant_id": "93139d1e-a3c1-4d78-9ed5-878be090eba4",
                "type": "SystemAssigned"
              }
            ],
            "local_authentication_enabled": true,
            "location": "swedencentral",
            "name": "ai-services",
            "network_acls": [],
            "outbound_network_access_restricted": false,
            "primary_access_key": "6CSPShZzOwasZ4N4bVV5CmiQDpOgWRDSXtVzhJ1B7MhMUWXAFjI2JQQJ99ALACfhMk5XJ3w3AAAAACOGnA7k",
            "public_network_access": "Enabled",
            "resource_group_name": "rg-apim-genai-300dev",
            "secondary_access_key": "2Mi2qPfBwkX40qEQQc999fWQiNkwa9H1SvPIAVGcgxwMj4mLS1gOJQQJ99ALACfhMk5XJ3w3AAAAACOGdWIn",
            "sku_name": "S0",
            "storage": [],
            "tags": null,
            "timeouts": null
          },
          "sensitive_attributes": [
            [
              {
                "type": "get_attr",
                "value": "primary_access_key"
              }
            ],
            [
              {
                "type": "get_attr",
                "value": "secondary_access_key"
              }
            ]
          ],
          "private": "eyJlMmJmYjczMC1lY2FhLTExZTYtOGY4OC0zNDM2M2JjN2M0YzAiOnsiY3JlYXRlIjoxMDgwMDAwMDAwMDAwMCwiZGVsZXRlIjoxMDgwMDAwMDAwMDAwMCwicmVhZCI6MzAwMDAwMDAwMDAwLCJ1cGRhdGUiOjEwODAwMDAwMDAwMDAwfX0=",
          "dependencies": [
            "azurerm_resource_group.rg"
          ]
        }
      ]
    },
    {
      "mode": "managed",
      "type": "azurerm_api_management",
      "name": "apim",
      "provider": "provider[\"registry.terraform.io/hashicorp/azurerm\"]",
      "instances": [
        {
          "schema_version": 0,
          "attributes": {
            "additional_location": [],
            "certificate": [],
            "client_certificate_enabled": false,
            "delegation": [
              {
                "subscriptions_enabled": false,
                "url": "",
                "user_registration_enabled": false,
                "validation_key": ""
              }
            ],
            "developer_portal_url": "https://apim-external-ubet9-300dev.developer.azure-api.net",
            "gateway_disabled": false,
            "gateway_regional_url": "https://apim-external-ubet9-300dev-swedencentral-01.regional.azure-api.net",
            "gateway_url": "https://apim-external-ubet9-300dev.azure-api.net",
            "hostname_configuration": [
              {
                "developer_portal": [],
                "management": [],
                "portal": [],
                "proxy": [
                  {
                    "certificate": "",
                    "certificate_password": "",
                    "certificate_source": "BuiltIn",
                    "certificate_status": "",
                    "default_ssl_binding": true,
                    "expiry": "",
                    "host_name": "apim-external-ubet9-300dev.azure-api.net",
                    "key_vault_id": "",
                    "negotiate_client_certificate": false,
                    "ssl_keyvault_identity_client_id": "",
                    "subject": "",
                    "thumbprint": ""
                  }
                ],
                "scm": []
              }
            ],
            "id": "/subscriptions/dcef7009-6b94-4382-afdc-17eb160d709a/resourceGroups/rg-apim-genai-300dev/providers/Microsoft.ApiManagement/service/apim-external-ubet9-300dev",
            "identity": [
              {
                "identity_ids": null,
                "principal_id": "2c91bacf-0cc9-4076-908d-8dba68e23be4",
                "tenant_id": "93139d1e-a3c1-4d78-9ed5-878be090eba4",
                "type": "SystemAssigned"
              }
            ],
            "location": "swedencentral",
            "management_api_url": "https://apim-external-ubet9-300dev.management.azure-api.net",
            "min_api_version": "",
            "name": "apim-external-ubet9-300dev",
            "notification_sender_email": "apimgmt-noreply@mail.windowsazure.com",
            "portal_url": "https://apim-external-ubet9-300dev.portal.azure-api.net",
            "private_ip_addresses": [],
            "protocols": [
              {
                "enable_http2": false
              }
            ],
            "public_ip_address_id": "/subscriptions/dcef7009-6b94-4382-afdc-17eb160d709a/resourceGroups/rg-apim-genai-300dev/providers/Microsoft.Network/publicIPAddresses/pip-apim",
            "public_ip_addresses": [
              "51.12.48.11"
            ],
            "public_network_access_enabled": true,
            "publisher_email": "houssem.dellai@live.com",
            "publisher_name": "My Company",
            "resource_group_name": "rg-apim-genai-300dev",
            "scm_url": "https://apim-external-ubet9-300dev.scm.azure-api.net",
            "security": [
              {
                "enable_backend_ssl30": false,
                "enable_backend_tls10": false,
                "enable_backend_tls11": false,
                "enable_frontend_ssl30": false,
                "enable_frontend_tls10": false,
                "enable_frontend_tls11": false,
                "tls_ecdhe_ecdsa_with_aes128_cbc_sha_ciphers_enabled": false,
                "tls_ecdhe_ecdsa_with_aes256_cbc_sha_ciphers_enabled": false,
                "tls_ecdhe_rsa_with_aes128_cbc_sha_ciphers_enabled": false,
                "tls_ecdhe_rsa_with_aes256_cbc_sha_ciphers_enabled": false,
                "tls_rsa_with_aes128_cbc_sha256_ciphers_enabled": false,
                "tls_rsa_with_aes128_cbc_sha_ciphers_enabled": false,
                "tls_rsa_with_aes128_gcm_sha256_ciphers_enabled": false,
                "tls_rsa_with_aes256_cbc_sha256_ciphers_enabled": false,
                "tls_rsa_with_aes256_cbc_sha_ciphers_enabled": false,
                "tls_rsa_with_aes256_gcm_sha384_ciphers_enabled": false,
                "triple_des_ciphers_enabled": false
              }
            ],
            "sign_in": [
              {
                "enabled": false
              }
            ],
            "sign_up": [
              {
                "enabled": false,
                "terms_of_service": [
                  {
                    "consent_required": false,
                    "enabled": false,
                    "text": ""
                  }
                ]
              }
            ],
            "sku_name": "Developer_1",
            "tags": null,
            "tenant_access": [
              {
                "enabled": false,
                "primary_key": "u6WiiLZw6ff0YtEMmAxMKPvDq1LEvwY32ps7DMsgLCvrqmqOBQ6AAQuwcxS0nGATq/sIkuwtoTQjXciRKhkPpg==",
                "secondary_key": "2OulotXJTqDFcr8LCQdFAri/tAZ59VtaLuskbLt7UGrCdbyI7eksP0fMNN7DJlF6P6iKHTvDkC+fP3fgCHUvhg==",
                "tenant_id": "/tenant/access"
              }
            ],
            "timeouts": null,
            "virtual_network_configuration": [
              {
                "subnet_id": "/subscriptions/dcef7009-6b94-4382-afdc-17eb160d709a/resourceGroups/rg-apim-genai-300dev/providers/Microsoft.Network/virtualNetworks/vnet-app/subnets/snet-apim"
              }
            ],
            "virtual_network_type": "External",
            "zones": null
          },
          "sensitive_attributes": [
            [
              {
                "type": "get_attr",
                "value": "tenant_access"
              },
              {
                "type": "index",
                "value": {
                  "value": 0,
                  "type": "number"
                }
              },
              {
                "type": "get_attr",
                "value": "primary_key"
              }
            ],
            [
              {
                "type": "get_attr",
                "value": "tenant_access"
              },
              {
                "type": "index",
                "value": {
                  "value": 0,
                  "type": "number"
                }
              },
              {
                "type": "get_attr",
                "value": "secondary_key"
              }
            ],
            [
              {
                "type": "get_attr",
                "value": "delegation"
              },
              {
                "type": "index",
                "value": {
                  "value": 0,
                  "type": "number"
                }
              },
              {
                "type": "get_attr",
                "value": "validation_key"
              }
            ],
            [
              {
                "type": "get_attr",
                "value": "hostname_configuration"
              },
              {
                "type": "index",
                "value": {
                  "value": 0,
                  "type": "number"
                }
              },
              {
                "type": "get_attr",
                "value": "proxy"
              },
              {
                "type": "index",
                "value": {
                  "value": 0,
                  "type": "number"
                }
              },
              {
                "type": "get_attr",
                "value": "certificate_password"
              }
            ],
            [
              {
                "type": "get_attr",
                "value": "hostname_configuration"
              },
              {
                "type": "index",
                "value": {
                  "value": 0,
                  "type": "number"
                }
              },
              {
                "type": "get_attr",
                "value": "proxy"
              },
              {
                "type": "index",
                "value": {
                  "value": 0,
                  "type": "number"
                }
              },
              {
                "type": "get_attr",
                "value": "certificate"
              }
            ]
          ],
          "private": "eyJlMmJmYjczMC1lY2FhLTExZTYtOGY4OC0zNDM2M2JjN2M0YzAiOnsiY3JlYXRlIjoxMDgwMDAwMDAwMDAwMCwiZGVsZXRlIjoxMDgwMDAwMDAwMDAwMCwicmVhZCI6MzAwMDAwMDAwMDAwLCJ1cGRhdGUiOjEwODAwMDAwMDAwMDAwfX0=",
          "dependencies": [
            "azurerm_network_security_group.nsg-apim",
            "azurerm_public_ip.pip-apim",
            "azurerm_resource_group.rg",
            "azurerm_subnet.snet-apim",
            "azurerm_subnet_network_security_group_association.nsg-association",
            "azurerm_virtual_network.vnet-app",
            "random_string.random"
          ]
        }
      ]
    },
    {
      "mode": "managed",
      "type": "azurerm_api_management_api",
      "name": "api-azure-openai",
      "provider": "provider[\"registry.terraform.io/hashicorp/azurerm\"]",
      "instances": [
        {
          "schema_version": 1,
          "attributes": {
            "api_management_name": "apim-external-ubet9-300dev",
            "api_type": "http",
            "contact": [],
            "description": "Azure OpenAI APIs for completions and search",
            "display_name": "OpenAI",
            "id": "/subscriptions/dcef7009-6b94-4382-afdc-17eb160d709a/resourceGroups/rg-apim-genai-300dev/providers/Microsoft.ApiManagement/service/apim-external-ubet9-300dev/apis/api-azure-openai;rev=1",
            "import": [
              {
                "content_format": "openapi-link",
                "content_value": "https://raw.githubusercontent.com/Azure/azure-rest-api-specs/refs/heads/main/specification/cognitiveservices/data-plane/AzureOpenAI/inference/stable/2024-10-21/inference.json",
                "wsdl_selector": []
              }
            ],
            "is_current": true,
            "is_online": false,
            "license": [],
            "name": "api-azure-openai",
            "oauth2_authorization": [],
            "openid_authentication": [],
            "path": "openai",
            "protocols": [
              "https"
            ],
            "resource_group_name": "rg-apim-genai-300dev",
            "revision": "1",
            "revision_description": "",
            "service_url": "",
            "source_api_id": null,
            "subscription_key_parameter_names": [
              {
                "header": "Ocp-Apim-Subscription-Key",
                "query": "subscription-key"
              }
            ],
            "subscription_required": false,
            "terms_of_service_url": "",
            "timeouts": null,
            "version": "",
            "version_description": "",
            "version_set_id": ""
          },
          "sensitive_attributes": [],
          "private": "eyJlMmJmYjczMC1lY2FhLTExZTYtOGY4OC0zNDM2M2JjN2M0YzAiOnsiY3JlYXRlIjoxODAwMDAwMDAwMDAwLCJkZWxldGUiOjE4MDAwMDAwMDAwMDAsInJlYWQiOjMwMDAwMDAwMDAwMCwidXBkYXRlIjoxODAwMDAwMDAwMDAwfSwic2NoZW1hX3ZlcnNpb24iOiIxIn0=",
          "dependencies": [
            "azurerm_api_management.apim",
            "azurerm_network_security_group.nsg-apim",
            "azurerm_public_ip.pip-apim",
            "azurerm_resource_group.rg",
            "azurerm_subnet.snet-apim",
            "azurerm_subnet_network_security_group_association.nsg-association",
            "azurerm_virtual_network.vnet-app",
            "random_string.random"
          ]
        }
      ]
    },
    {
      "mode": "managed",
      "type": "azurerm_api_management_api_policy",
      "name": "policy",
      "provider": "provider[\"registry.terraform.io/hashicorp/azurerm\"]",
      "instances": [
        {
          "schema_version": 2,
          "attributes": {
            "api_management_name": "apim-external-ubet9-300dev",
            "api_name": "api-azure-openai",
            "id": "/subscriptions/dcef7009-6b94-4382-afdc-17eb160d709a/resourceGroups/rg-apim-genai-300dev/providers/Microsoft.ApiManagement/service/apim-external-ubet9-300dev/apis/api-azure-openai",
            "resource_group_name": "rg-apim-genai-300dev",
            "timeouts": null,
            "xml_content": "\u003cpolicies\u003e\r\n\t\u003cinbound\u003e\r\n\t\t\u003cbase /\u003e\r\n\t\t\u003cauthentication-managed-identity resource=\"https://cognitiveservices.azure.com\" output-token-variable-name=\"managed-id-access-token\" ignore-error=\"false\" /\u003e\r\n\t\t\u003cset-header name=\"Authorization\" exists-action=\"override\"\u003e\r\n\t\t\t\u003cvalue\u003e@(\"Bearer \" + (string)context.Variables[\"managed-id-access-token\"])\u003c/value\u003e\r\n\t\t\u003c/set-header\u003e\r\n\t\t\u003cset-backend-service backend-id=\"openai-backend-pool\" /\u003e\r\n\t\u003c/inbound\u003e\r\n\t\u003cbackend\u003e\r\n\t\t\u003c!--Set count to one less than the number of backends in the pool to try all backends until the backend pool is temporarily unavailable.--\u003e\r\n\t\t\u003cretry count=\"2\" interval=\"0\" first-fast-retry=\"true\" condition=\"@(context.Response.StatusCode == 429 || (context.Response.StatusCode == 503 \u0026\u0026 !context.Response.StatusReason.Contains(\"Backend pool\") \u0026\u0026 !context.Response.StatusReason.Contains(\"is temporarily unavailable\")))\"\u003e\r\n\t\t\t\u003cforward-request buffer-request-body=\"true\" /\u003e\r\n\t\t\u003c/retry\u003e\r\n\t\u003c/backend\u003e\r\n\t\u003coutbound\u003e\r\n\t\t\u003cbase /\u003e\r\n\t\u003c/outbound\u003e\r\n\t\u003con-error\u003e\r\n\t\t\u003cbase /\u003e\r\n\t\t\u003cchoose\u003e\r\n\t\t\t\u003c!--Return a generic error that does not reveal backend pool details.--\u003e\r\n\t\t\t\u003cwhen condition=\"@(context.Response.StatusCode == 503)\"\u003e\r\n\t\t\t\t\u003creturn-response\u003e\r\n\t\t\t\t\t\u003cset-status code=\"503\" reason=\"Service Unavailable\" /\u003e\r\n\t\t\t\t\u003c/return-response\u003e\r\n\t\t\t\u003c/when\u003e\r\n\t\t\u003c/choose\u003e\r\n\t\u003c/on-error\u003e\r\n\u003c/policies\u003e",
            "xml_link": null
          },
          "sensitive_attributes": [],
          "private": "eyJlMmJmYjczMC1lY2FhLTExZTYtOGY4OC0zNDM2M2JjN2M0YzAiOnsiY3JlYXRlIjoxODAwMDAwMDAwMDAwLCJkZWxldGUiOjE4MDAwMDAwMDAwMDAsInJlYWQiOjMwMDAwMDAwMDAwMCwidXBkYXRlIjoxODAwMDAwMDAwMDAwfSwic2NoZW1hX3ZlcnNpb24iOiIyIn0=",
          "dependencies": [
            "azapi_resource.openai-backend-pool",
            "azurerm_api_management.apim",
            "azurerm_api_management_api.api-azure-openai",
            "azurerm_api_management_backend.openai",
            "azurerm_cognitive_account.openai",
            "azurerm_network_security_group.nsg-apim",
            "azurerm_public_ip.pip-apim",
            "azurerm_resource_group.rg",
            "azurerm_subnet.snet-apim",
            "azurerm_subnet_network_security_group_association.nsg-association",
            "azurerm_virtual_network.vnet-app",
            "random_string.random"
          ]
        }
      ]
    },
    {
      "mode": "managed",
      "type": "azurerm_api_management_backend",
      "name": "openai",
      "provider": "provider[\"registry.terraform.io/hashicorp/azurerm\"]",
      "instances": [
        {
          "index_key": "openai-frc",
          "schema_version": 0,
          "attributes": {
            "api_management_name": "apim-external-ubet9-300dev",
            "credentials": [],
            "description": "",
            "id": "/subscriptions/dcef7009-6b94-4382-afdc-17eb160d709a/resourceGroups/rg-apim-genai-300dev/providers/Microsoft.ApiManagement/service/apim-external-ubet9-300dev/backends/openaifrc",
            "name": "openaifrc",
            "protocol": "http",
            "proxy": [],
            "resource_group_name": "rg-apim-genai-300dev",
            "resource_id": "",
            "service_fabric_cluster": [],
            "timeouts": null,
            "title": "",
            "tls": [],
            "url": "https://openaifrc-ubet9.openai.azure.com/openai"
          },
          "sensitive_attributes": [],
          "private": "eyJlMmJmYjczMC1lY2FhLTExZTYtOGY4OC0zNDM2M2JjN2M0YzAiOnsiY3JlYXRlIjoxODAwMDAwMDAwMDAwLCJkZWxldGUiOjE4MDAwMDAwMDAwMDAsInJlYWQiOjMwMDAwMDAwMDAwMCwidXBkYXRlIjoxODAwMDAwMDAwMDAwfX0=",
          "dependencies": [
            "azurerm_api_management.apim",
            "azurerm_cognitive_account.openai",
            "azurerm_network_security_group.nsg-apim",
            "azurerm_public_ip.pip-apim",
            "azurerm_resource_group.rg",
            "azurerm_subnet.snet-apim",
            "azurerm_subnet_network_security_group_association.nsg-association",
            "azurerm_virtual_network.vnet-app",
            "random_string.random"
          ]
        },
        {
          "index_key": "openai-swc",
          "schema_version": 0,
          "attributes": {
            "api_management_name": "apim-external-ubet9-300dev",
            "credentials": [],
            "description": "",
            "id": "/subscriptions/dcef7009-6b94-4382-afdc-17eb160d709a/resourceGroups/rg-apim-genai-300dev/providers/Microsoft.ApiManagement/service/apim-external-ubet9-300dev/backends/openaiswc",
            "name": "openaiswc",
            "protocol": "http",
            "proxy": [],
            "resource_group_name": "rg-apim-genai-300dev",
            "resource_id": "",
            "service_fabric_cluster": [],
            "timeouts": null,
            "title": "",
            "tls": [],
            "url": "https://openaiswc-ubet9.openai.azure.com/openai"
          },
          "sensitive_attributes": [],
          "private": "eyJlMmJmYjczMC1lY2FhLTExZTYtOGY4OC0zNDM2M2JjN2M0YzAiOnsiY3JlYXRlIjoxODAwMDAwMDAwMDAwLCJkZWxldGUiOjE4MDAwMDAwMDAwMDAsInJlYWQiOjMwMDAwMDAwMDAwMCwidXBkYXRlIjoxODAwMDAwMDAwMDAwfX0=",
          "dependencies": [
            "azurerm_api_management.apim",
            "azurerm_cognitive_account.openai",
            "azurerm_network_security_group.nsg-apim",
            "azurerm_public_ip.pip-apim",
            "azurerm_resource_group.rg",
            "azurerm_subnet.snet-apim",
            "azurerm_subnet_network_security_group_association.nsg-association",
            "azurerm_virtual_network.vnet-app",
            "random_string.random"
          ]
        },
        {
          "index_key": "openai-uks",
          "schema_version": 0,
          "attributes": {
            "api_management_name": "apim-external-ubet9-300dev",
            "credentials": [],
            "description": "",
            "id": "/subscriptions/dcef7009-6b94-4382-afdc-17eb160d709a/resourceGroups/rg-apim-genai-300dev/providers/Microsoft.ApiManagement/service/apim-external-ubet9-300dev/backends/openaiuks",
            "name": "openaiuks",
            "protocol": "http",
            "proxy": [],
            "resource_group_name": "rg-apim-genai-300dev",
            "resource_id": "",
            "service_fabric_cluster": [],
            "timeouts": null,
            "title": "",
            "tls": [],
            "url": "https://openaiuks-ubet9.openai.azure.com/openai"
          },
          "sensitive_attributes": [],
          "private": "eyJlMmJmYjczMC1lY2FhLTExZTYtOGY4OC0zNDM2M2JjN2M0YzAiOnsiY3JlYXRlIjoxODAwMDAwMDAwMDAwLCJkZWxldGUiOjE4MDAwMDAwMDAwMDAsInJlYWQiOjMwMDAwMDAwMDAwMCwidXBkYXRlIjoxODAwMDAwMDAwMDAwfX0=",
          "dependencies": [
            "azurerm_api_management.apim",
            "azurerm_cognitive_account.openai",
            "azurerm_network_security_group.nsg-apim",
            "azurerm_public_ip.pip-apim",
            "azurerm_resource_group.rg",
            "azurerm_subnet.snet-apim",
            "azurerm_subnet_network_security_group_association.nsg-association",
            "azurerm_virtual_network.vnet-app",
            "random_string.random"
          ]
        }
      ]
    },
    {
      "mode": "managed",
      "type": "azurerm_api_management_subscription",
      "name": "openai-subscription",
      "provider": "provider[\"registry.terraform.io/hashicorp/azurerm\"]",
      "instances": [
        {
          "schema_version": 0,
          "attributes": {
            "allow_tracing": true,
            "api_id": "/subscriptions/dcef7009-6b94-4382-afdc-17eb160d709a/resourceGroups/rg-apim-genai-300dev/providers/Microsoft.ApiManagement/service/apim-external-ubet9-300dev/apis/api-azure-openai;rev=1",
            "api_management_name": "apim-external-ubet9-300dev",
            "display_name": "openai-subscription",
            "id": "/subscriptions/dcef7009-6b94-4382-afdc-17eb160d709a/resourceGroups/rg-apim-genai-300dev/providers/Microsoft.ApiManagement/service/apim-external-ubet9-300dev/subscriptions/14e99218-7984-4bb1-be80-645fc52008f4",
            "primary_key": "16c72819ad7d45e591637834aed5d04f",
            "product_id": "",
            "resource_group_name": "rg-apim-genai-300dev",
            "secondary_key": "db848d5da3f04e48958d24693a4a0659",
            "state": "active",
            "subscription_id": "14e99218-7984-4bb1-be80-645fc52008f4",
            "timeouts": null,
            "user_id": ""
          },
          "sensitive_attributes": [
            [
              {
                "type": "get_attr",
                "value": "primary_key"
              }
            ],
            [
              {
                "type": "get_attr",
                "value": "secondary_key"
              }
            ]
          ],
          "private": "eyJlMmJmYjczMC1lY2FhLTExZTYtOGY4OC0zNDM2M2JjN2M0YzAiOnsiY3JlYXRlIjoxODAwMDAwMDAwMDAwLCJkZWxldGUiOjE4MDAwMDAwMDAwMDAsInJlYWQiOjMwMDAwMDAwMDAwMCwidXBkYXRlIjoxODAwMDAwMDAwMDAwfX0=",
          "dependencies": [
            "azurerm_api_management.apim",
            "azurerm_api_management_api.api-azure-openai",
            "azurerm_network_security_group.nsg-apim",
            "azurerm_public_ip.pip-apim",
            "azurerm_resource_group.rg",
            "azurerm_subnet.snet-apim",
            "azurerm_subnet_network_security_group_association.nsg-association",
            "azurerm_virtual_network.vnet-app",
            "random_string.random"
          ]
        }
      ]
    },
    {
      "mode": "managed",
      "type": "azurerm_cognitive_account",
      "name": "openai",
      "provider": "provider[\"registry.terraform.io/hashicorp/azurerm\"]",
      "instances": [
        {
          "index_key": "openai-frc",
          "schema_version": 0,
          "attributes": {
            "custom_question_answering_search_service_id": "",
            "custom_question_answering_search_service_key": null,
            "custom_subdomain_name": "openaifrc-ubet9",
            "customer_managed_key": [],
            "dynamic_throttling_enabled": false,
            "endpoint": "https://openaifrc-ubet9.openai.azure.com/",
            "fqdns": null,
            "id": "/subscriptions/dcef7009-6b94-4382-afdc-17eb160d709a/resourceGroups/rg-apim-genai-300dev/providers/Microsoft.CognitiveServices/accounts/openaifrc",
            "identity": [],
            "kind": "OpenAI",
            "local_auth_enabled": true,
            "location": "francecentral",
            "metrics_advisor_aad_client_id": "",
            "metrics_advisor_aad_tenant_id": "",
            "metrics_advisor_super_user_name": "",
            "metrics_advisor_website_name": "",
            "name": "openaifrc",
            "network_acls": [],
            "outbound_network_access_restricted": false,
            "primary_access_key": "CYLbswnhidF6OM2GtAJ4yMHxLEWXFdTmXGc9qQQyj0XoGDT0eBatJQQJ99ALAC5T7U2XJ3w3AAABACOGOHcm",
            "public_network_access_enabled": true,
            "qna_runtime_endpoint": "",
            "resource_group_name": "rg-apim-genai-300dev",
            "secondary_access_key": "FIKiXklV9XJzkhL5vfi3OegRcVXp0ShoMlOmXEyQlEizCmPsZmPIJQQJ99ALAC5T7U2XJ3w3AAABACOGPXnh",
            "sku_name": "S0",
            "storage": [],
            "tags": null,
            "timeouts": null
          },
          "sensitive_attributes": [
            [
              {
                "type": "get_attr",
                "value": "custom_question_answering_search_service_key"
              }
            ],
            [
              {
                "type": "get_attr",
                "value": "secondary_access_key"
              }
            ],
            [
              {
                "type": "get_attr",
                "value": "primary_access_key"
              }
            ]
          ],
          "private": "eyJlMmJmYjczMC1lY2FhLTExZTYtOGY4OC0zNDM2M2JjN2M0YzAiOnsiY3JlYXRlIjoxODAwMDAwMDAwMDAwLCJkZWxldGUiOjE4MDAwMDAwMDAwMDAsInJlYWQiOjMwMDAwMDAwMDAwMCwidXBkYXRlIjoxODAwMDAwMDAwMDAwfX0=",
          "dependencies": [
            "azurerm_resource_group.rg",
            "random_string.random"
          ]
        },
        {
          "index_key": "openai-swc",
          "schema_version": 0,
          "attributes": {
            "custom_question_answering_search_service_id": "",
            "custom_question_answering_search_service_key": null,
            "custom_subdomain_name": "openaiswc-ubet9",
            "customer_managed_key": [],
            "dynamic_throttling_enabled": false,
            "endpoint": "https://openaiswc-ubet9.openai.azure.com/",
            "fqdns": null,
            "id": "/subscriptions/dcef7009-6b94-4382-afdc-17eb160d709a/resourceGroups/rg-apim-genai-300dev/providers/Microsoft.CognitiveServices/accounts/openaiswc",
            "identity": [],
            "kind": "OpenAI",
            "local_auth_enabled": true,
            "location": "swedencentral",
            "metrics_advisor_aad_client_id": "",
            "metrics_advisor_aad_tenant_id": "",
            "metrics_advisor_super_user_name": "",
            "metrics_advisor_website_name": "",
            "name": "openaiswc",
            "network_acls": [],
            "outbound_network_access_restricted": false,
            "primary_access_key": "79PR6rpijOFT3n0vYHXBjkComy0LqOweVPtfzCucdwsSHcTuM21zJQQJ99ALACfhMk5XJ3w3AAABACOGkiHj",
            "public_network_access_enabled": true,
            "qna_runtime_endpoint": "",
            "resource_group_name": "rg-apim-genai-300dev",
            "secondary_access_key": "3z4E6Kcv7buHdMVDxLfwDDqcXeP0gaqA8CgitB5SjkRkowXmkA59JQQJ99ALACfhMk5XJ3w3AAABACOGaDtT",
            "sku_name": "S0",
            "storage": [],
            "tags": null,
            "timeouts": null
          },
          "sensitive_attributes": [
            [
              {
                "type": "get_attr",
                "value": "custom_question_answering_search_service_key"
              }
            ],
            [
              {
                "type": "get_attr",
                "value": "secondary_access_key"
              }
            ],
            [
              {
                "type": "get_attr",
                "value": "primary_access_key"
              }
            ]
          ],
          "private": "eyJlMmJmYjczMC1lY2FhLTExZTYtOGY4OC0zNDM2M2JjN2M0YzAiOnsiY3JlYXRlIjoxODAwMDAwMDAwMDAwLCJkZWxldGUiOjE4MDAwMDAwMDAwMDAsInJlYWQiOjMwMDAwMDAwMDAwMCwidXBkYXRlIjoxODAwMDAwMDAwMDAwfX0=",
          "dependencies": [
            "azurerm_resource_group.rg",
            "random_string.random"
          ]
        },
        {
          "index_key": "openai-uks",
          "schema_version": 0,
          "attributes": {
            "custom_question_answering_search_service_id": "",
            "custom_question_answering_search_service_key": null,
            "custom_subdomain_name": "openaiuks-ubet9",
            "customer_managed_key": [],
            "dynamic_throttling_enabled": false,
            "endpoint": "https://openaiuks-ubet9.openai.azure.com/",
            "fqdns": null,
            "id": "/subscriptions/dcef7009-6b94-4382-afdc-17eb160d709a/resourceGroups/rg-apim-genai-300dev/providers/Microsoft.CognitiveServices/accounts/openaiuks",
            "identity": [],
            "kind": "OpenAI",
            "local_auth_enabled": true,
            "location": "uksouth",
            "metrics_advisor_aad_client_id": "",
            "metrics_advisor_aad_tenant_id": "",
            "metrics_advisor_super_user_name": "",
            "metrics_advisor_website_name": "",
            "name": "openaiuks",
            "network_acls": [],
            "outbound_network_access_restricted": false,
            "primary_access_key": "ECUgVs0fr64HwNyYzWFG7o0Lv2xmhloQHFTqRfQgtrh1lIrKhyXGJQQJ99ALACmepeSXJ3w3AAABACOGruKD",
            "public_network_access_enabled": true,
            "qna_runtime_endpoint": "",
            "resource_group_name": "rg-apim-genai-300dev",
            "secondary_access_key": "5aF3qD8YUnrzqJ6SG0ktftjKpqb7pXGbcmLh0VHwITQKwf3p84qKJQQJ99ALACmepeSXJ3w3AAABACOGgxCk",
            "sku_name": "S0",
            "storage": [],
            "tags": null,
            "timeouts": null
          },
          "sensitive_attributes": [
            [
              {
                "type": "get_attr",
                "value": "secondary_access_key"
              }
            ],
            [
              {
                "type": "get_attr",
                "value": "custom_question_answering_search_service_key"
              }
            ],
            [
              {
                "type": "get_attr",
                "value": "primary_access_key"
              }
            ]
          ],
          "private": "eyJlMmJmYjczMC1lY2FhLTExZTYtOGY4OC0zNDM2M2JjN2M0YzAiOnsiY3JlYXRlIjoxODAwMDAwMDAwMDAwLCJkZWxldGUiOjE4MDAwMDAwMDAwMDAsInJlYWQiOjMwMDAwMDAwMDAwMCwidXBkYXRlIjoxODAwMDAwMDAwMDAwfX0=",
          "dependencies": [
            "azurerm_resource_group.rg",
            "random_string.random"
          ]
        }
      ]
    },
    {
      "mode": "managed",
      "type": "azurerm_cognitive_deployment",
      "name": "gpt-4o",
      "provider": "provider[\"registry.terraform.io/hashicorp/azurerm\"]",
      "instances": [
        {
          "index_key": "openai-frc",
          "schema_version": 0,
          "attributes": {
            "cognitive_account_id": "/subscriptions/dcef7009-6b94-4382-afdc-17eb160d709a/resourceGroups/rg-apim-genai-300dev/providers/Microsoft.CognitiveServices/accounts/openaifrc",
            "dynamic_throttling_enabled": false,
            "id": "/subscriptions/dcef7009-6b94-4382-afdc-17eb160d709a/resourceGroups/rg-apim-genai-300dev/providers/Microsoft.CognitiveServices/accounts/openaifrc/deployments/gpt-4o",
            "model": [
              {
                "format": "OpenAI",
                "name": "gpt-4o",
                "version": "2024-08-06"
              }
            ],
            "name": "gpt-4o",
            "rai_policy_name": "",
            "sku": [
              {
                "capacity": 20,
                "family": "",
                "name": "GlobalStandard",
                "size": "",
                "tier": ""
              }
            ],
            "timeouts": null,
            "version_upgrade_option": "OnceNewDefaultVersionAvailable"
          },
          "sensitive_attributes": [],
          "private": "eyJlMmJmYjczMC1lY2FhLTExZTYtOGY4OC0zNDM2M2JjN2M0YzAiOnsiY3JlYXRlIjoxODAwMDAwMDAwMDAwLCJkZWxldGUiOjE4MDAwMDAwMDAwMDAsInJlYWQiOjMwMDAwMDAwMDAwMCwidXBkYXRlIjoxODAwMDAwMDAwMDAwfX0=",
          "dependencies": [
            "azurerm_cognitive_account.openai",
            "azurerm_resource_group.rg",
            "random_string.random"
          ]
        },
        {
          "index_key": "openai-swc",
          "schema_version": 0,
          "attributes": {
            "cognitive_account_id": "/subscriptions/dcef7009-6b94-4382-afdc-17eb160d709a/resourceGroups/rg-apim-genai-300dev/providers/Microsoft.CognitiveServices/accounts/openaiswc",
            "dynamic_throttling_enabled": false,
            "id": "/subscriptions/dcef7009-6b94-4382-afdc-17eb160d709a/resourceGroups/rg-apim-genai-300dev/providers/Microsoft.CognitiveServices/accounts/openaiswc/deployments/gpt-4o",
            "model": [
              {
                "format": "OpenAI",
                "name": "gpt-4o",
                "version": "2024-08-06"
              }
            ],
            "name": "gpt-4o",
            "rai_policy_name": "",
            "sku": [
              {
                "capacity": 20,
                "family": "",
                "name": "GlobalStandard",
                "size": "",
                "tier": ""
              }
            ],
            "timeouts": null,
            "version_upgrade_option": "OnceNewDefaultVersionAvailable"
          },
          "sensitive_attributes": [],
          "private": "eyJlMmJmYjczMC1lY2FhLTExZTYtOGY4OC0zNDM2M2JjN2M0YzAiOnsiY3JlYXRlIjoxODAwMDAwMDAwMDAwLCJkZWxldGUiOjE4MDAwMDAwMDAwMDAsInJlYWQiOjMwMDAwMDAwMDAwMCwidXBkYXRlIjoxODAwMDAwMDAwMDAwfX0=",
          "dependencies": [
            "azurerm_cognitive_account.openai",
            "azurerm_resource_group.rg",
            "random_string.random"
          ]
        },
        {
          "index_key": "openai-uks",
          "schema_version": 0,
          "attributes": {
            "cognitive_account_id": "/subscriptions/dcef7009-6b94-4382-afdc-17eb160d709a/resourceGroups/rg-apim-genai-300dev/providers/Microsoft.CognitiveServices/accounts/openaiuks",
            "dynamic_throttling_enabled": false,
            "id": "/subscriptions/dcef7009-6b94-4382-afdc-17eb160d709a/resourceGroups/rg-apim-genai-300dev/providers/Microsoft.CognitiveServices/accounts/openaiuks/deployments/gpt-4o",
            "model": [
              {
                "format": "OpenAI",
                "name": "gpt-4o",
                "version": "2024-08-06"
              }
            ],
            "name": "gpt-4o",
            "rai_policy_name": "",
            "sku": [
              {
                "capacity": 20,
                "family": "",
                "name": "GlobalStandard",
                "size": "",
                "tier": ""
              }
            ],
            "timeouts": null,
            "version_upgrade_option": "OnceNewDefaultVersionAvailable"
          },
          "sensitive_attributes": [],
          "private": "eyJlMmJmYjczMC1lY2FhLTExZTYtOGY4OC0zNDM2M2JjN2M0YzAiOnsiY3JlYXRlIjoxODAwMDAwMDAwMDAwLCJkZWxldGUiOjE4MDAwMDAwMDAwMDAsInJlYWQiOjMwMDAwMDAwMDAwMCwidXBkYXRlIjoxODAwMDAwMDAwMDAwfX0=",
          "dependencies": [
            "azurerm_cognitive_account.openai",
            "azurerm_resource_group.rg",
            "random_string.random"
          ]
        }
      ]
    },
    {
      "mode": "managed",
      "type": "azurerm_network_security_group",
      "name": "nsg-apim",
      "provider": "provider[\"registry.terraform.io/hashicorp/azurerm\"]",
      "instances": [
        {
          "schema_version": 0,
          "attributes": {
            "id": "/subscriptions/dcef7009-6b94-4382-afdc-17eb160d709a/resourceGroups/rg-apim-genai-300dev/providers/Microsoft.Network/networkSecurityGroups/nsg-apim",
            "location": "swedencentral",
            "name": "nsg-apim",
            "resource_group_name": "rg-apim-genai-300dev",
            "security_rule": [],
            "tags": null,
            "timeouts": null
          },
          "sensitive_attributes": [],
          "private": "eyJlMmJmYjczMC1lY2FhLTExZTYtOGY4OC0zNDM2M2JjN2M0YzAiOnsiY3JlYXRlIjoxODAwMDAwMDAwMDAwLCJkZWxldGUiOjE4MDAwMDAwMDAwMDAsInJlYWQiOjMwMDAwMDAwMDAwMCwidXBkYXRlIjoxODAwMDAwMDAwMDAwfX0=",
          "dependencies": [
            "azurerm_resource_group.rg"
          ]
        }
      ]
    },
    {
      "mode": "managed",
      "type": "azurerm_network_security_rule",
      "name": "allow-inbound-apim",
      "provider": "provider[\"registry.terraform.io/hashicorp/azurerm\"]",
      "instances": [
        {
          "schema_version": 0,
          "attributes": {
            "access": "Allow",
            "description": "",
            "destination_address_prefix": "VirtualNetwork",
            "destination_address_prefixes": null,
            "destination_application_security_group_ids": null,
            "destination_port_range": "3443",
            "destination_port_ranges": null,
            "direction": "Inbound",
            "id": "/subscriptions/dcef7009-6b94-4382-afdc-17eb160d709a/resourceGroups/rg-apim-genai-300dev/providers/Microsoft.Network/networkSecurityGroups/nsg-apim/securityRules/allow-inbound-apim",
            "name": "allow-inbound-apim",
            "network_security_group_name": "nsg-apim",
            "priority": 1010,
            "protocol": "Tcp",
            "resource_group_name": "rg-apim-genai-300dev",
            "source_address_prefix": "ApiManagement",
            "source_address_prefixes": null,
            "source_application_security_group_ids": null,
            "source_port_range": "*",
            "source_port_ranges": null,
            "timeouts": null
          },
          "sensitive_attributes": [],
          "private": "eyJlMmJmYjczMC1lY2FhLTExZTYtOGY4OC0zNDM2M2JjN2M0YzAiOnsiY3JlYXRlIjoxODAwMDAwMDAwMDAwLCJkZWxldGUiOjE4MDAwMDAwMDAwMDAsInJlYWQiOjMwMDAwMDAwMDAwMCwidXBkYXRlIjoxODAwMDAwMDAwMDAwfX0=",
          "dependencies": [
            "azurerm_network_security_group.nsg-apim",
            "azurerm_resource_group.rg"
          ]
        }
      ]
    },
    {
      "mode": "managed",
      "type": "azurerm_network_security_rule",
      "name": "allow-inbound-infra-lb",
      "provider": "provider[\"registry.terraform.io/hashicorp/azurerm\"]",
      "instances": [
        {
          "schema_version": 0,
          "attributes": {
            "access": "Allow",
            "description": "",
            "destination_address_prefix": "VirtualNetwork",
            "destination_address_prefixes": null,
            "destination_application_security_group_ids": null,
            "destination_port_range": "6390",
            "destination_port_ranges": null,
            "direction": "Inbound",
            "id": "/subscriptions/dcef7009-6b94-4382-afdc-17eb160d709a/resourceGroups/rg-apim-genai-300dev/providers/Microsoft.Network/networkSecurityGroups/nsg-apim/securityRules/allow-inbound-infra-lb",
            "name": "allow-inbound-infra-lb",
            "network_security_group_name": "nsg-apim",
            "priority": 1000,
            "protocol": "Tcp",
            "resource_group_name": "rg-apim-genai-300dev",
            "source_address_prefix": "AzureLoadBalancer",
            "source_address_prefixes": null,
            "source_application_security_group_ids": null,
            "source_port_range": "*",
            "source_port_ranges": null,
            "timeouts": null
          },
          "sensitive_attributes": [],
          "private": "eyJlMmJmYjczMC1lY2FhLTExZTYtOGY4OC0zNDM2M2JjN2M0YzAiOnsiY3JlYXRlIjoxODAwMDAwMDAwMDAwLCJkZWxldGUiOjE4MDAwMDAwMDAwMDAsInJlYWQiOjMwMDAwMDAwMDAwMCwidXBkYXRlIjoxODAwMDAwMDAwMDAwfX0=",
          "dependencies": [
            "azurerm_network_security_group.nsg-apim",
            "azurerm_resource_group.rg"
          ]
        }
      ]
    },
    {
      "mode": "managed",
      "type": "azurerm_network_security_rule",
      "name": "allow-inbound-internet-http",
      "provider": "provider[\"registry.terraform.io/hashicorp/azurerm\"]",
      "instances": [
        {
          "schema_version": 0,
          "attributes": {
            "access": "Allow",
            "description": "",
            "destination_address_prefix": "VirtualNetwork",
            "destination_address_prefixes": null,
            "destination_application_security_group_ids": null,
            "destination_port_range": "80",
            "destination_port_ranges": null,
            "direction": "Inbound",
            "id": "/subscriptions/dcef7009-6b94-4382-afdc-17eb160d709a/resourceGroups/rg-apim-genai-300dev/providers/Microsoft.Network/networkSecurityGroups/nsg-apim/securityRules/allow-inbound-internet-http",
            "name": "allow-inbound-internet-http",
            "network_security_group_name": "nsg-apim",
            "priority": 1020,
            "protocol": "Tcp",
            "resource_group_name": "rg-apim-genai-300dev",
            "source_address_prefix": "Internet",
            "source_address_prefixes": null,
            "source_application_security_group_ids": null,
            "source_port_range": "*",
            "source_port_ranges": null,
            "timeouts": null
          },
          "sensitive_attributes": [],
          "private": "eyJlMmJmYjczMC1lY2FhLTExZTYtOGY4OC0zNDM2M2JjN2M0YzAiOnsiY3JlYXRlIjoxODAwMDAwMDAwMDAwLCJkZWxldGUiOjE4MDAwMDAwMDAwMDAsInJlYWQiOjMwMDAwMDAwMDAwMCwidXBkYXRlIjoxODAwMDAwMDAwMDAwfX0=",
          "dependencies": [
            "azurerm_network_security_group.nsg-apim",
            "azurerm_resource_group.rg"
          ]
        }
      ]
    },
    {
      "mode": "managed",
      "type": "azurerm_network_security_rule",
      "name": "allow-inbound-internet-https",
      "provider": "provider[\"registry.terraform.io/hashicorp/azurerm\"]",
      "instances": [
        {
          "schema_version": 0,
          "attributes": {
            "access": "Allow",
            "description": "",
            "destination_address_prefix": "VirtualNetwork",
            "destination_address_prefixes": null,
            "destination_application_security_group_ids": null,
            "destination_port_range": "443",
            "destination_port_ranges": null,
            "direction": "Inbound",
            "id": "/subscriptions/dcef7009-6b94-4382-afdc-17eb160d709a/resourceGroups/rg-apim-genai-300dev/providers/Microsoft.Network/networkSecurityGroups/nsg-apim/securityRules/allow-inbound-internet-https",
            "name": "allow-inbound-internet-https",
            "network_security_group_name": "nsg-apim",
            "priority": 1030,
            "protocol": "Tcp",
            "resource_group_name": "rg-apim-genai-300dev",
            "source_address_prefix": "Internet",
            "source_address_prefixes": null,
            "source_application_security_group_ids": null,
            "source_port_range": "*",
            "source_port_ranges": null,
            "timeouts": null
          },
          "sensitive_attributes": [],
          "private": "eyJlMmJmYjczMC1lY2FhLTExZTYtOGY4OC0zNDM2M2JjN2M0YzAiOnsiY3JlYXRlIjoxODAwMDAwMDAwMDAwLCJkZWxldGUiOjE4MDAwMDAwMDAwMDAsInJlYWQiOjMwMDAwMDAwMDAwMCwidXBkYXRlIjoxODAwMDAwMDAwMDAwfX0=",
          "dependencies": [
            "azurerm_network_security_group.nsg-apim",
            "azurerm_resource_group.rg"
          ]
        }
      ]
    },
    {
      "mode": "managed",
      "type": "azurerm_network_security_rule",
      "name": "allow-outbound-azuresql",
      "provider": "provider[\"registry.terraform.io/hashicorp/azurerm\"]",
      "instances": [
        {
          "index_key": 0,
          "schema_version": 0,
          "attributes": {
            "access": "Allow",
            "description": "",
            "destination_address_prefix": "SQL",
            "destination_address_prefixes": null,
            "destination_application_security_group_ids": null,
            "destination_port_range": "1443",
            "destination_port_ranges": null,
            "direction": "Outbound",
            "id": "/subscriptions/dcef7009-6b94-4382-afdc-17eb160d709a/resourceGroups/rg-apim-genai-300dev/providers/Microsoft.Network/networkSecurityGroups/nsg-apim/securityRules/allow-outbound-azure-sql",
            "name": "allow-outbound-azure-sql",
            "network_security_group_name": "nsg-apim",
            "priority": 1030,
            "protocol": "Tcp",
            "resource_group_name": "rg-apim-genai-300dev",
            "source_address_prefix": "VirtualNetwork",
            "source_address_prefixes": null,
            "source_application_security_group_ids": null,
            "source_port_range": "*",
            "source_port_ranges": null,
            "timeouts": null
          },
          "sensitive_attributes": [],
          "private": "eyJlMmJmYjczMC1lY2FhLTExZTYtOGY4OC0zNDM2M2JjN2M0YzAiOnsiY3JlYXRlIjoxODAwMDAwMDAwMDAwLCJkZWxldGUiOjE4MDAwMDAwMDAwMDAsInJlYWQiOjMwMDAwMDAwMDAwMCwidXBkYXRlIjoxODAwMDAwMDAwMDAwfX0=",
          "dependencies": [
            "azurerm_network_security_group.nsg-apim",
            "azurerm_resource_group.rg"
          ]
        }
      ]
    },
    {
      "mode": "managed",
      "type": "azurerm_network_security_rule",
      "name": "allow-outbound-keyvault",
      "provider": "provider[\"registry.terraform.io/hashicorp/azurerm\"]",
      "instances": [
        {
          "index_key": 0,
          "schema_version": 0,
          "attributes": {
            "access": "Allow",
            "description": "",
            "destination_address_prefix": "AzureKeyVault",
            "destination_address_prefixes": null,
            "destination_application_security_group_ids": null,
            "destination_port_range": "443",
            "destination_port_ranges": null,
            "direction": "Outbound",
            "id": "/subscriptions/dcef7009-6b94-4382-afdc-17eb160d709a/resourceGroups/rg-apim-genai-300dev/providers/Microsoft.Network/networkSecurityGroups/nsg-apim/securityRules/allow-outbound-keyvault",
            "name": "allow-outbound-keyvault",
            "network_security_group_name": "nsg-apim",
            "priority": 1040,
            "protocol": "Tcp",
            "resource_group_name": "rg-apim-genai-300dev",
            "source_address_prefix": "VirtualNetwork",
            "source_address_prefixes": null,
            "source_application_security_group_ids": null,
            "source_port_range": "*",
            "source_port_ranges": null,
            "timeouts": null
          },
          "sensitive_attributes": [],
          "private": "eyJlMmJmYjczMC1lY2FhLTExZTYtOGY4OC0zNDM2M2JjN2M0YzAiOnsiY3JlYXRlIjoxODAwMDAwMDAwMDAwLCJkZWxldGUiOjE4MDAwMDAwMDAwMDAsInJlYWQiOjMwMDAwMDAwMDAwMCwidXBkYXRlIjoxODAwMDAwMDAwMDAwfX0=",
          "dependencies": [
            "azurerm_network_security_group.nsg-apim",
            "azurerm_resource_group.rg"
          ]
        }
      ]
    },
    {
      "mode": "managed",
      "type": "azurerm_network_security_rule",
      "name": "allow-outbound-storage",
      "provider": "provider[\"registry.terraform.io/hashicorp/azurerm\"]",
      "instances": [
        {
          "index_key": 0,
          "schema_version": 0,
          "attributes": {
            "access": "Allow",
            "description": "",
            "destination_address_prefix": "Storage",
            "destination_address_prefixes": null,
            "destination_application_security_group_ids": null,
            "destination_port_range": "443",
            "destination_port_ranges": null,
            "direction": "Outbound",
            "id": "/subscriptions/dcef7009-6b94-4382-afdc-17eb160d709a/resourceGroups/rg-apim-genai-300dev/providers/Microsoft.Network/networkSecurityGroups/nsg-apim/securityRules/allow-outbound-storage",
            "name": "allow-outbound-storage",
            "network_security_group_name": "nsg-apim",
            "priority": 1020,
            "protocol": "Tcp",
            "resource_group_name": "rg-apim-genai-300dev",
            "source_address_prefix": "VirtualNetwork",
            "source_address_prefixes": null,
            "source_application_security_group_ids": null,
            "source_port_range": "*",
            "source_port_ranges": null,
            "timeouts": null
          },
          "sensitive_attributes": [],
          "private": "eyJlMmJmYjczMC1lY2FhLTExZTYtOGY4OC0zNDM2M2JjN2M0YzAiOnsiY3JlYXRlIjoxODAwMDAwMDAwMDAwLCJkZWxldGUiOjE4MDAwMDAwMDAwMDAsInJlYWQiOjMwMDAwMDAwMDAwMCwidXBkYXRlIjoxODAwMDAwMDAwMDAwfX0=",
          "dependencies": [
            "azurerm_network_security_group.nsg-apim",
            "azurerm_resource_group.rg"
          ]
        }
      ]
    },
    {
      "mode": "managed",
      "type": "azurerm_public_ip",
      "name": "pip-apim",
      "provider": "provider[\"registry.terraform.io/hashicorp/azurerm\"]",
      "instances": [
        {
          "schema_version": 0,
          "attributes": {
            "allocation_method": "Static",
            "ddos_protection_mode": "VirtualNetworkInherited",
            "ddos_protection_plan_id": null,
            "domain_name_label": "apim-external-ubet9-300dev",
            "domain_name_label_scope": "",
            "edge_zone": "",
            "fqdn": "apim-external-ubet9-300dev.swedencentral.cloudapp.azure.com",
            "id": "/subscriptions/dcef7009-6b94-4382-afdc-17eb160d709a/resourceGroups/rg-apim-genai-300dev/providers/Microsoft.Network/publicIPAddresses/pip-apim",
            "idle_timeout_in_minutes": 4,
            "ip_address": "51.12.48.11",
            "ip_tags": null,
            "ip_version": "IPv4",
            "location": "swedencentral",
            "name": "pip-apim",
            "public_ip_prefix_id": null,
            "resource_group_name": "rg-apim-genai-300dev",
            "reverse_fqdn": "",
            "sku": "Standard",
            "sku_tier": "Regional",
            "tags": null,
            "timeouts": null,
            "zones": [
              "1"
            ]
          },
          "sensitive_attributes": [],
          "private": "eyJlMmJmYjczMC1lY2FhLTExZTYtOGY4OC0zNDM2M2JjN2M0YzAiOnsiY3JlYXRlIjoxODAwMDAwMDAwMDAwLCJkZWxldGUiOjE4MDAwMDAwMDAwMDAsInJlYWQiOjMwMDAwMDAwMDAwMCwidXBkYXRlIjoxODAwMDAwMDAwMDAwfX0=",
          "dependencies": [
            "azurerm_resource_group.rg",
            "random_string.random"
          ]
        }
      ]
    },
    {
      "mode": "managed",
      "type": "azurerm_resource_group",
      "name": "rg",
      "provider": "provider[\"registry.terraform.io/hashicorp/azurerm\"]",
      "instances": [
        {
          "schema_version": 0,
          "attributes": {
            "id": "/subscriptions/dcef7009-6b94-4382-afdc-17eb160d709a/resourceGroups/rg-apim-genai-300dev",
            "location": "swedencentral",
            "managed_by": "",
            "name": "rg-apim-genai-300dev",
            "tags": null,
            "timeouts": null
          },
          "sensitive_attributes": [],
          "private": "eyJlMmJmYjczMC1lY2FhLTExZTYtOGY4OC0zNDM2M2JjN2M0YzAiOnsiY3JlYXRlIjo1NDAwMDAwMDAwMDAwLCJkZWxldGUiOjU0MDAwMDAwMDAwMDAsInJlYWQiOjMwMDAwMDAwMDAwMCwidXBkYXRlIjo1NDAwMDAwMDAwMDAwfX0="
        }
      ]
    },
    {
      "mode": "managed",
      "type": "azurerm_role_assignment",
      "name": "Cognitive-Services-OpenAI-User",
      "provider": "provider[\"registry.terraform.io/hashicorp/azurerm\"]",
      "instances": [
        {
          "index_key": "openai-frc",
          "schema_version": 0,
          "attributes": {
            "condition": "",
            "condition_version": "",
            "delegated_managed_identity_resource_id": "",
            "description": "",
            "id": "/subscriptions/dcef7009-6b94-4382-afdc-17eb160d709a/resourceGroups/rg-apim-genai-300dev/providers/Microsoft.CognitiveServices/accounts/openaifrc/providers/Microsoft.Authorization/roleAssignments/73e71961-ee66-23d8-50c8-510c3b6d6081",
            "name": "73e71961-ee66-23d8-50c8-510c3b6d6081",
            "principal_id": "2c91bacf-0cc9-4076-908d-8dba68e23be4",
            "principal_type": "ServicePrincipal",
            "role_definition_id": "/subscriptions/dcef7009-6b94-4382-afdc-17eb160d709a/providers/Microsoft.Authorization/roleDefinitions/5e0bd9bd-7b93-4f28-af87-19fc36ad61bd",
            "role_definition_name": "Cognitive Services OpenAI User",
            "scope": "/subscriptions/dcef7009-6b94-4382-afdc-17eb160d709a/resourceGroups/rg-apim-genai-300dev/providers/Microsoft.CognitiveServices/accounts/openaifrc",
            "skip_service_principal_aad_check": null,
            "timeouts": null
          },
          "sensitive_attributes": [],
          "private": "eyJlMmJmYjczMC1lY2FhLTExZTYtOGY4OC0zNDM2M2JjN2M0YzAiOnsiY3JlYXRlIjoxODAwMDAwMDAwMDAwLCJkZWxldGUiOjE4MDAwMDAwMDAwMDAsInJlYWQiOjMwMDAwMDAwMDAwMH19",
          "dependencies": [
            "azurerm_api_management.apim",
            "azurerm_cognitive_account.openai",
            "azurerm_network_security_group.nsg-apim",
            "azurerm_public_ip.pip-apim",
            "azurerm_resource_group.rg",
            "azurerm_subnet.snet-apim",
            "azurerm_subnet_network_security_group_association.nsg-association",
            "azurerm_virtual_network.vnet-app",
            "random_string.random"
          ]
        },
        {
          "index_key": "openai-swc",
          "schema_version": 0,
          "attributes": {
            "condition": "",
            "condition_version": "",
            "delegated_managed_identity_resource_id": "",
            "description": "",
            "id": "/subscriptions/dcef7009-6b94-4382-afdc-17eb160d709a/resourceGroups/rg-apim-genai-300dev/providers/Microsoft.CognitiveServices/accounts/openaiswc/providers/Microsoft.Authorization/roleAssignments/856b363a-14d4-28e9-5e9b-564ca5ce7ad6",
            "name": "856b363a-14d4-28e9-5e9b-564ca5ce7ad6",
            "principal_id": "2c91bacf-0cc9-4076-908d-8dba68e23be4",
            "principal_type": "ServicePrincipal",
            "role_definition_id": "/subscriptions/dcef7009-6b94-4382-afdc-17eb160d709a/providers/Microsoft.Authorization/roleDefinitions/5e0bd9bd-7b93-4f28-af87-19fc36ad61bd",
            "role_definition_name": "Cognitive Services OpenAI User",
            "scope": "/subscriptions/dcef7009-6b94-4382-afdc-17eb160d709a/resourceGroups/rg-apim-genai-300dev/providers/Microsoft.CognitiveServices/accounts/openaiswc",
            "skip_service_principal_aad_check": null,
            "timeouts": null
          },
          "sensitive_attributes": [],
          "private": "eyJlMmJmYjczMC1lY2FhLTExZTYtOGY4OC0zNDM2M2JjN2M0YzAiOnsiY3JlYXRlIjoxODAwMDAwMDAwMDAwLCJkZWxldGUiOjE4MDAwMDAwMDAwMDAsInJlYWQiOjMwMDAwMDAwMDAwMH19",
          "dependencies": [
            "azurerm_api_management.apim",
            "azurerm_cognitive_account.openai",
            "azurerm_network_security_group.nsg-apim",
            "azurerm_public_ip.pip-apim",
            "azurerm_resource_group.rg",
            "azurerm_subnet.snet-apim",
            "azurerm_subnet_network_security_group_association.nsg-association",
            "azurerm_virtual_network.vnet-app",
            "random_string.random"
          ]
        },
        {
          "index_key": "openai-uks",
          "schema_version": 0,
          "attributes": {
            "condition": "",
            "condition_version": "",
            "delegated_managed_identity_resource_id": "",
            "description": "",
            "id": "/subscriptions/dcef7009-6b94-4382-afdc-17eb160d709a/resourceGroups/rg-apim-genai-300dev/providers/Microsoft.CognitiveServices/accounts/openaiuks/providers/Microsoft.Authorization/roleAssignments/25d205f0-2081-5549-48e3-e79497b1f5f5",
            "name": "25d205f0-2081-5549-48e3-e79497b1f5f5",
            "principal_id": "2c91bacf-0cc9-4076-908d-8dba68e23be4",
            "principal_type": "ServicePrincipal",
            "role_definition_id": "/subscriptions/dcef7009-6b94-4382-afdc-17eb160d709a/providers/Microsoft.Authorization/roleDefinitions/5e0bd9bd-7b93-4f28-af87-19fc36ad61bd",
            "role_definition_name": "Cognitive Services OpenAI User",
            "scope": "/subscriptions/dcef7009-6b94-4382-afdc-17eb160d709a/resourceGroups/rg-apim-genai-300dev/providers/Microsoft.CognitiveServices/accounts/openaiuks",
            "skip_service_principal_aad_check": null,
            "timeouts": null
          },
          "sensitive_attributes": [],
          "private": "eyJlMmJmYjczMC1lY2FhLTExZTYtOGY4OC0zNDM2M2JjN2M0YzAiOnsiY3JlYXRlIjoxODAwMDAwMDAwMDAwLCJkZWxldGUiOjE4MDAwMDAwMDAwMDAsInJlYWQiOjMwMDAwMDAwMDAwMH19",
          "dependencies": [
            "azurerm_api_management.apim",
            "azurerm_cognitive_account.openai",
            "azurerm_network_security_group.nsg-apim",
            "azurerm_public_ip.pip-apim",
            "azurerm_resource_group.rg",
            "azurerm_subnet.snet-apim",
            "azurerm_subnet_network_security_group_association.nsg-association",
            "azurerm_virtual_network.vnet-app",
            "random_string.random"
          ]
        }
      ]
    },
    {
      "mode": "managed",
      "type": "azurerm_subnet",
      "name": "snet-apim",
      "provider": "provider[\"registry.terraform.io/hashicorp/azurerm\"]",
      "instances": [
        {
          "schema_version": 0,
          "attributes": {
            "address_prefixes": [
              "10.0.0.0/24"
            ],
            "default_outbound_access_enabled": true,
            "delegation": [],
            "id": "/subscriptions/dcef7009-6b94-4382-afdc-17eb160d709a/resourceGroups/rg-apim-genai-300dev/providers/Microsoft.Network/virtualNetworks/vnet-app/subnets/snet-apim",
            "name": "snet-apim",
            "private_endpoint_network_policies": "Disabled",
            "private_link_service_network_policies_enabled": true,
            "resource_group_name": "rg-apim-genai-300dev",
            "service_endpoint_policy_ids": null,
            "service_endpoints": [
              "Microsoft.Web"
            ],
            "timeouts": null,
            "virtual_network_name": "vnet-app"
          },
          "sensitive_attributes": [],
          "private": "eyJlMmJmYjczMC1lY2FhLTExZTYtOGY4OC0zNDM2M2JjN2M0YzAiOnsiY3JlYXRlIjoxODAwMDAwMDAwMDAwLCJkZWxldGUiOjE4MDAwMDAwMDAwMDAsInJlYWQiOjMwMDAwMDAwMDAwMCwidXBkYXRlIjoxODAwMDAwMDAwMDAwfX0=",
          "dependencies": [
            "azurerm_resource_group.rg",
            "azurerm_virtual_network.vnet-app"
          ]
        }
      ]
    },
    {
      "mode": "managed",
      "type": "azurerm_subnet_network_security_group_association",
      "name": "nsg-association",
      "provider": "provider[\"registry.terraform.io/hashicorp/azurerm\"]",
      "instances": [
        {
          "schema_version": 0,
          "attributes": {
            "id": "/subscriptions/dcef7009-6b94-4382-afdc-17eb160d709a/resourceGroups/rg-apim-genai-300dev/providers/Microsoft.Network/virtualNetworks/vnet-app/subnets/snet-apim",
            "network_security_group_id": "/subscriptions/dcef7009-6b94-4382-afdc-17eb160d709a/resourceGroups/rg-apim-genai-300dev/providers/Microsoft.Network/networkSecurityGroups/nsg-apim",
            "subnet_id": "/subscriptions/dcef7009-6b94-4382-afdc-17eb160d709a/resourceGroups/rg-apim-genai-300dev/providers/Microsoft.Network/virtualNetworks/vnet-app/subnets/snet-apim",
            "timeouts": null
          },
          "sensitive_attributes": [],
          "private": "eyJlMmJmYjczMC1lY2FhLTExZTYtOGY4OC0zNDM2M2JjN2M0YzAiOnsiY3JlYXRlIjoxODAwMDAwMDAwMDAwLCJkZWxldGUiOjE4MDAwMDAwMDAwMDAsInJlYWQiOjMwMDAwMDAwMDAwMH19",
          "dependencies": [
            "azurerm_network_security_group.nsg-apim",
            "azurerm_resource_group.rg",
            "azurerm_subnet.snet-apim",
            "azurerm_virtual_network.vnet-app"
          ]
        }
      ]
    },
    {
      "mode": "managed",
      "type": "azurerm_virtual_network",
      "name": "vnet-app",
      "provider": "provider[\"registry.terraform.io/hashicorp/azurerm\"]",
      "instances": [
        {
          "schema_version": 0,
          "attributes": {
            "address_space": [
              "10.0.0.0/16"
            ],
            "bgp_community": "",
            "ddos_protection_plan": [],
            "dns_servers": [],
            "edge_zone": "",
            "encryption": [],
            "flow_timeout_in_minutes": 0,
            "guid": "04347b37-f202-4e36-ae69-30ef67817886",
            "id": "/subscriptions/dcef7009-6b94-4382-afdc-17eb160d709a/resourceGroups/rg-apim-genai-300dev/providers/Microsoft.Network/virtualNetworks/vnet-app",
            "location": "swedencentral",
            "name": "vnet-app",
            "resource_group_name": "rg-apim-genai-300dev",
            "subnet": [],
            "tags": null,
            "timeouts": null
          },
          "sensitive_attributes": [],
          "private": "eyJlMmJmYjczMC1lY2FhLTExZTYtOGY4OC0zNDM2M2JjN2M0YzAiOnsiY3JlYXRlIjoxODAwMDAwMDAwMDAwLCJkZWxldGUiOjE4MDAwMDAwMDAwMDAsInJlYWQiOjMwMDAwMDAwMDAwMCwidXBkYXRlIjoxODAwMDAwMDAwMDAwfX0=",
          "dependencies": [
            "azurerm_resource_group.rg"
          ]
        }
      ]
    },
    {
      "mode": "managed",
      "type": "random_string",
      "name": "random",
      "provider": "provider[\"registry.terraform.io/hashicorp/random\"]",
      "instances": [
        {
          "schema_version": 2,
          "attributes": {
            "id": "ubet9",
            "keepers": null,
            "length": 5,
            "lower": true,
            "min_lower": 0,
            "min_numeric": 0,
            "min_special": 0,
            "min_upper": 0,
            "number": true,
            "numeric": true,
            "override_special": null,
            "result": "ubet9",
            "special": false,
            "upper": false
          },
          "sensitive_attributes": []
        }
      ]
    }
  ],
  "check_results": null
}
