{
  "version": 4,
  "terraform_version": "1.10.1",
  "serial": 23,
  "lineage": "62a1bd30-0736-a642-e8bb-f016c3b8d468",
  "outputs": {
    "apim_gateway_url": {
      "value": "https://apim-external-300prod.azure-api.net",
      "type": "string"
    },
    "apim_subscription_key": {
      "value": "da0ffc371d324190b27991f4ac0e17e9",
      "type": "string",
      "sensitive": true
    }
  },
  "resources": [
    {
      "mode": "managed",
      "type": "azurerm_ai_services",
      "name": "ai-services",
      "provider": "provider[\"registry.terraform.io/hashicorp/azurerm\"]",
      "instances": [
        {
          "index_key": "openai-frc",
          "schema_version": 0,
          "attributes": {
            "custom_subdomain_name": "openai-frc-300prod",
            "customer_managed_key": [],
            "endpoint": "https://openai-frc-300prod.cognitiveservices.azure.com/",
            "fqdns": null,
            "id": "/subscriptions/dcef7009-6b94-4382-afdc-17eb160d709a/resourceGroups/rg-apim-genai-300prod/providers/Microsoft.CognitiveServices/accounts/openai-frc",
            "identity": [
              {
                "identity_ids": null,
                "principal_id": "3a0ec329-d964-40b6-99a5-4739dab33834",
                "tenant_id": "93139d1e-a3c1-4d78-9ed5-878be090eba4",
                "type": "SystemAssigned"
              }
            ],
            "local_authentication_enabled": true,
            "location": "francecentral",
            "name": "openai-frc",
            "network_acls": [],
            "outbound_network_access_restricted": false,
            "primary_access_key": "8TPQ9CWG7duhYCIg08ZTlN1BLBDqxiI1272b6HsCcXVNPIlJs1f5JQQJ99ALAC5T7U2XJ3w3AAAAACOGK8UJ",
            "public_network_access": "Enabled",
            "resource_group_name": "rg-apim-genai-300prod",
            "secondary_access_key": "2Z1gOmfOPt6Wngj1hm2UeXFRmRt1ne2grEELid5iN8hOWRdCBZJtJQQJ99ALAC5T7U2XJ3w3AAAAACOGaYZa",
            "sku_name": "S0",
            "storage": [],
            "tags": null,
            "timeouts": null
          },
          "sensitive_attributes": [
            [
              {
                "type": "get_attr",
                "value": "secondary_access_key"
              }
            ],
            [
              {
                "type": "get_attr",
                "value": "primary_access_key"
              }
            ]
          ],
          "private": "eyJlMmJmYjczMC1lY2FhLTExZTYtOGY4OC0zNDM2M2JjN2M0YzAiOnsiY3JlYXRlIjoxMDgwMDAwMDAwMDAwMCwiZGVsZXRlIjoxMDgwMDAwMDAwMDAwMCwicmVhZCI6MzAwMDAwMDAwMDAwLCJ1cGRhdGUiOjEwODAwMDAwMDAwMDAwfX0=",
          "dependencies": [
            "azurerm_resource_group.rg"
          ]
        },
        {
          "index_key": "openai-swc",
          "schema_version": 0,
          "attributes": {
            "custom_subdomain_name": "openai-swc-300prod",
            "customer_managed_key": [],
            "endpoint": "https://openai-swc-300prod.cognitiveservices.azure.com/",
            "fqdns": null,
            "id": "/subscriptions/dcef7009-6b94-4382-afdc-17eb160d709a/resourceGroups/rg-apim-genai-300prod/providers/Microsoft.CognitiveServices/accounts/openai-swc",
            "identity": [
              {
                "identity_ids": null,
                "principal_id": "6aec9005-0712-442c-a1ae-09de5aa2b06d",
                "tenant_id": "93139d1e-a3c1-4d78-9ed5-878be090eba4",
                "type": "SystemAssigned"
              }
            ],
            "local_authentication_enabled": true,
            "location": "swedencentral",
            "name": "openai-swc",
            "network_acls": [],
            "outbound_network_access_restricted": false,
            "primary_access_key": "EbficlS4au8JuavMlHWtGuTG0Uz13yqBUS7oWAq4OSrGUlKyg26pJQQJ99ALACfhMk5XJ3w3AAAAACOGPMZ5",
            "public_network_access": "Enabled",
            "resource_group_name": "rg-apim-genai-300prod",
            "secondary_access_key": "1KRbp1n3oW4yvh8pjqA0QIAbe4S00AJ7tmy9E7cOe531vZcBY5yoJQQJ99ALACfhMk5XJ3w3AAAAACOGV3IK",
            "sku_name": "S0",
            "storage": [],
            "tags": null,
            "timeouts": null
          },
          "sensitive_attributes": [
            [
              {
                "type": "get_attr",
                "value": "primary_access_key"
              }
            ],
            [
              {
                "type": "get_attr",
                "value": "secondary_access_key"
              }
            ]
          ],
          "private": "eyJlMmJmYjczMC1lY2FhLTExZTYtOGY4OC0zNDM2M2JjN2M0YzAiOnsiY3JlYXRlIjoxMDgwMDAwMDAwMDAwMCwiZGVsZXRlIjoxMDgwMDAwMDAwMDAwMCwicmVhZCI6MzAwMDAwMDAwMDAwLCJ1cGRhdGUiOjEwODAwMDAwMDAwMDAwfX0=",
          "dependencies": [
            "azurerm_resource_group.rg"
          ]
        },
        {
          "index_key": "openai-uks",
          "schema_version": 0,
          "attributes": {
            "custom_subdomain_name": "openai-uks-300prod",
            "customer_managed_key": [],
            "endpoint": "https://openai-uks-300prod.cognitiveservices.azure.com/",
            "fqdns": null,
            "id": "/subscriptions/dcef7009-6b94-4382-afdc-17eb160d709a/resourceGroups/rg-apim-genai-300prod/providers/Microsoft.CognitiveServices/accounts/openai-uks",
            "identity": [
              {
                "identity_ids": null,
                "principal_id": "5d09e04e-e1de-4a7a-b203-b2b0d5c5b563",
                "tenant_id": "93139d1e-a3c1-4d78-9ed5-878be090eba4",
                "type": "SystemAssigned"
              }
            ],
            "local_authentication_enabled": true,
            "location": "uksouth",
            "name": "openai-uks",
            "network_acls": [],
            "outbound_network_access_restricted": false,
            "primary_access_key": "3YTIzhiAUDYwen1iLnkDd1YLyuWHDN1h6kFbwwie1KkTSosp2XPoJQQJ99ALACmepeSXJ3w3AAAAACOGJI1P",
            "public_network_access": "Enabled",
            "resource_group_name": "rg-apim-genai-300prod",
            "secondary_access_key": "AhlgUXI8ObrWVdO9TGbfgP38feYh3G3rA0HSKYyO4kIPAwAVkPwMJQQJ99ALACmepeSXJ3w3AAAAACOGSKJG",
            "sku_name": "S0",
            "storage": [],
            "tags": null,
            "timeouts": null
          },
          "sensitive_attributes": [
            [
              {
                "type": "get_attr",
                "value": "primary_access_key"
              }
            ],
            [
              {
                "type": "get_attr",
                "value": "secondary_access_key"
              }
            ]
          ],
          "private": "eyJlMmJmYjczMC1lY2FhLTExZTYtOGY4OC0zNDM2M2JjN2M0YzAiOnsiY3JlYXRlIjoxMDgwMDAwMDAwMDAwMCwiZGVsZXRlIjoxMDgwMDAwMDAwMDAwMCwicmVhZCI6MzAwMDAwMDAwMDAwLCJ1cGRhdGUiOjEwODAwMDAwMDAwMDAwfX0=",
          "dependencies": [
            "azurerm_resource_group.rg"
          ]
        }
      ]
    },
    {
      "mode": "managed",
      "type": "azurerm_api_management",
      "name": "apim",
      "provider": "provider[\"registry.terraform.io/hashicorp/azurerm\"]",
      "instances": [
        {
          "schema_version": 0,
          "attributes": {
            "additional_location": [],
            "certificate": [],
            "client_certificate_enabled": false,
            "delegation": [],
            "developer_portal_url": "",
            "gateway_disabled": false,
            "gateway_regional_url": "",
            "gateway_url": "https://apim-external-300prod.azure-api.net",
            "hostname_configuration": [
              {
                "developer_portal": [],
                "management": [],
                "portal": [],
                "proxy": [
                  {
                    "certificate": "",
                    "certificate_password": "",
                    "certificate_source": "BuiltIn",
                    "certificate_status": "",
                    "default_ssl_binding": true,
                    "expiry": "",
                    "host_name": "apim-external-300prod.azure-api.net",
                    "key_vault_id": "",
                    "negotiate_client_certificate": false,
                    "ssl_keyvault_identity_client_id": "",
                    "subject": "",
                    "thumbprint": ""
                  }
                ],
                "scm": []
              }
            ],
            "id": "/subscriptions/dcef7009-6b94-4382-afdc-17eb160d709a/resourceGroups/rg-apim-genai-300prod/providers/Microsoft.ApiManagement/service/apim-external-300prod",
            "identity": [
              {
                "identity_ids": null,
                "principal_id": "9a737d1e-d6fc-4bee-8d9e-82861a9cb351",
                "tenant_id": "93139d1e-a3c1-4d78-9ed5-878be090eba4",
                "type": "SystemAssigned"
              }
            ],
            "location": "swedencentral",
            "management_api_url": "",
            "min_api_version": "",
            "name": "apim-external-300prod",
            "notification_sender_email": "apimgmt-noreply@mail.windowsazure.com",
            "portal_url": "",
            "private_ip_addresses": [],
            "protocols": [
              {
                "enable_http2": false
              }
            ],
            "public_ip_address_id": "",
            "public_ip_addresses": [],
            "public_network_access_enabled": true,
            "publisher_email": "houssem.dellai@live.com",
            "publisher_name": "My Company",
            "resource_group_name": "rg-apim-genai-300prod",
            "scm_url": "",
            "security": [
              {
                "enable_backend_ssl30": false,
                "enable_backend_tls10": false,
                "enable_backend_tls11": false,
                "enable_frontend_ssl30": false,
                "enable_frontend_tls10": false,
                "enable_frontend_tls11": false,
                "tls_ecdhe_ecdsa_with_aes128_cbc_sha_ciphers_enabled": false,
                "tls_ecdhe_ecdsa_with_aes256_cbc_sha_ciphers_enabled": false,
                "tls_ecdhe_rsa_with_aes128_cbc_sha_ciphers_enabled": false,
                "tls_ecdhe_rsa_with_aes256_cbc_sha_ciphers_enabled": false,
                "tls_rsa_with_aes128_cbc_sha256_ciphers_enabled": false,
                "tls_rsa_with_aes128_cbc_sha_ciphers_enabled": false,
                "tls_rsa_with_aes128_gcm_sha256_ciphers_enabled": false,
                "tls_rsa_with_aes256_cbc_sha256_ciphers_enabled": false,
                "tls_rsa_with_aes256_cbc_sha_ciphers_enabled": false,
                "tls_rsa_with_aes256_gcm_sha384_ciphers_enabled": false,
                "triple_des_ciphers_enabled": false
              }
            ],
            "sign_in": [],
            "sign_up": [],
            "sku_name": "Consumption_0",
            "tags": null,
            "tenant_access": null,
            "timeouts": null,
            "virtual_network_configuration": [],
            "virtual_network_type": "None",
            "zones": null
          },
          "sensitive_attributes": [
            [
              {
                "type": "get_attr",
                "value": "hostname_configuration"
              },
              {
                "type": "index",
                "value": {
                  "value": 0,
                  "type": "number"
                }
              },
              {
                "type": "get_attr",
                "value": "proxy"
              },
              {
                "type": "index",
                "value": {
                  "value": 0,
                  "type": "number"
                }
              },
              {
                "type": "get_attr",
                "value": "certificate_password"
              }
            ],
            [
              {
                "type": "get_attr",
                "value": "hostname_configuration"
              },
              {
                "type": "index",
                "value": {
                  "value": 0,
                  "type": "number"
                }
              },
              {
                "type": "get_attr",
                "value": "proxy"
              },
              {
                "type": "index",
                "value": {
                  "value": 0,
                  "type": "number"
                }
              },
              {
                "type": "get_attr",
                "value": "certificate"
              }
            ]
          ],
          "private": "eyJlMmJmYjczMC1lY2FhLTExZTYtOGY4OC0zNDM2M2JjN2M0YzAiOnsiY3JlYXRlIjoxMDgwMDAwMDAwMDAwMCwiZGVsZXRlIjoxMDgwMDAwMDAwMDAwMCwicmVhZCI6MzAwMDAwMDAwMDAwLCJ1cGRhdGUiOjEwODAwMDAwMDAwMDAwfX0=",
          "dependencies": [
            "azurerm_resource_group.rg"
          ]
        }
      ]
    },
    {
      "mode": "managed",
      "type": "azurerm_api_management_api",
      "name": "api-azure-openai",
      "provider": "provider[\"registry.terraform.io/hashicorp/azurerm\"]",
      "instances": [
        {
          "schema_version": 1,
          "attributes": {
            "api_management_name": "apim-external-300prod",
            "api_type": "http",
            "contact": [],
            "description": "Azure OpenAI APIs for completions and search",
            "display_name": "OpenAI",
            "id": "/subscriptions/dcef7009-6b94-4382-afdc-17eb160d709a/resourceGroups/rg-apim-genai-300prod/providers/Microsoft.ApiManagement/service/apim-external-300prod/apis/api-azure-openai;rev=1",
            "import": [
              {
                "content_format": "openapi-link",
                "content_value": "https://raw.githubusercontent.com/Azure/azure-rest-api-specs/refs/heads/main/specification/cognitiveservices/data-plane/AzureOpenAI/inference/stable/2024-10-21/inference.json",
                "wsdl_selector": []
              }
            ],
            "is_current": true,
            "is_online": false,
            "license": [],
            "name": "api-azure-openai",
            "oauth2_authorization": [],
            "openid_authentication": [],
            "path": "openai",
            "protocols": [
              "https"
            ],
            "resource_group_name": "rg-apim-genai-300prod",
            "revision": "1",
            "revision_description": "",
            "service_url": "",
            "source_api_id": null,
            "subscription_key_parameter_names": [
              {
                "header": "Ocp-Apim-Subscription-Key",
                "query": "subscription-key"
              }
            ],
            "subscription_required": false,
            "terms_of_service_url": "",
            "timeouts": null,
            "version": "",
            "version_description": "",
            "version_set_id": ""
          },
          "sensitive_attributes": [],
          "private": "eyJlMmJmYjczMC1lY2FhLTExZTYtOGY4OC0zNDM2M2JjN2M0YzAiOnsiY3JlYXRlIjoxODAwMDAwMDAwMDAwLCJkZWxldGUiOjE4MDAwMDAwMDAwMDAsInJlYWQiOjMwMDAwMDAwMDAwMCwidXBkYXRlIjoxODAwMDAwMDAwMDAwfSwic2NoZW1hX3ZlcnNpb24iOiIxIn0=",
          "dependencies": [
            "azurerm_api_management.apim",
            "azurerm_resource_group.rg"
          ]
        }
      ]
    },
    {
      "mode": "managed",
      "type": "azurerm_api_management_backend",
      "name": "openai",
      "provider": "provider[\"registry.terraform.io/hashicorp/azurerm\"]",
      "instances": [
        {
          "index_key": "openai-frc",
          "schema_version": 0,
          "attributes": {
            "api_management_name": "apim-external-300prod",
            "credentials": [],
            "description": "",
            "id": "/subscriptions/dcef7009-6b94-4382-afdc-17eb160d709a/resourceGroups/rg-apim-genai-300prod/providers/Microsoft.ApiManagement/service/apim-external-300prod/backends/openai-frc",
            "name": "openai-frc",
            "protocol": "http",
            "proxy": [],
            "resource_group_name": "rg-apim-genai-300prod",
            "resource_id": "",
            "service_fabric_cluster": [],
            "timeouts": null,
            "title": "",
            "tls": [],
            "url": "https://openai-frc-300prod.cognitiveservices.azure.com/openai"
          },
          "sensitive_attributes": [],
          "private": "eyJlMmJmYjczMC1lY2FhLTExZTYtOGY4OC0zNDM2M2JjN2M0YzAiOnsiY3JlYXRlIjoxODAwMDAwMDAwMDAwLCJkZWxldGUiOjE4MDAwMDAwMDAwMDAsInJlYWQiOjMwMDAwMDAwMDAwMCwidXBkYXRlIjoxODAwMDAwMDAwMDAwfX0=",
          "dependencies": [
            "azurerm_ai_services.ai-services",
            "azurerm_api_management.apim",
            "azurerm_resource_group.rg"
          ]
        },
        {
          "index_key": "openai-swc",
          "schema_version": 0,
          "attributes": {
            "api_management_name": "apim-external-300prod",
            "credentials": [],
            "description": "",
            "id": "/subscriptions/dcef7009-6b94-4382-afdc-17eb160d709a/resourceGroups/rg-apim-genai-300prod/providers/Microsoft.ApiManagement/service/apim-external-300prod/backends/openai-swc",
            "name": "openai-swc",
            "protocol": "http",
            "proxy": [],
            "resource_group_name": "rg-apim-genai-300prod",
            "resource_id": "",
            "service_fabric_cluster": [],
            "timeouts": null,
            "title": "",
            "tls": [],
            "url": "https://openai-swc-300prod.cognitiveservices.azure.com/openai"
          },
          "sensitive_attributes": [],
          "private": "eyJlMmJmYjczMC1lY2FhLTExZTYtOGY4OC0zNDM2M2JjN2M0YzAiOnsiY3JlYXRlIjoxODAwMDAwMDAwMDAwLCJkZWxldGUiOjE4MDAwMDAwMDAwMDAsInJlYWQiOjMwMDAwMDAwMDAwMCwidXBkYXRlIjoxODAwMDAwMDAwMDAwfX0=",
          "dependencies": [
            "azurerm_ai_services.ai-services",
            "azurerm_api_management.apim",
            "azurerm_resource_group.rg"
          ]
        },
        {
          "index_key": "openai-uks",
          "schema_version": 0,
          "attributes": {
            "api_management_name": "apim-external-300prod",
            "credentials": [],
            "description": "",
            "id": "/subscriptions/dcef7009-6b94-4382-afdc-17eb160d709a/resourceGroups/rg-apim-genai-300prod/providers/Microsoft.ApiManagement/service/apim-external-300prod/backends/openai-uks",
            "name": "openai-uks",
            "protocol": "http",
            "proxy": [],
            "resource_group_name": "rg-apim-genai-300prod",
            "resource_id": "",
            "service_fabric_cluster": [],
            "timeouts": null,
            "title": "",
            "tls": [],
            "url": "https://openai-uks-300prod.cognitiveservices.azure.com/openai"
          },
          "sensitive_attributes": [],
          "private": "eyJlMmJmYjczMC1lY2FhLTExZTYtOGY4OC0zNDM2M2JjN2M0YzAiOnsiY3JlYXRlIjoxODAwMDAwMDAwMDAwLCJkZWxldGUiOjE4MDAwMDAwMDAwMDAsInJlYWQiOjMwMDAwMDAwMDAwMCwidXBkYXRlIjoxODAwMDAwMDAwMDAwfX0=",
          "dependencies": [
            "azurerm_ai_services.ai-services",
            "azurerm_api_management.apim",
            "azurerm_resource_group.rg"
          ]
        }
      ]
    },
    {
      "mode": "managed",
      "type": "azurerm_api_management_subscription",
      "name": "openai-subscription",
      "provider": "provider[\"registry.terraform.io/hashicorp/azurerm\"]",
      "instances": [
        {
          "schema_version": 0,
          "attributes": {
            "allow_tracing": true,
            "api_id": "/subscriptions/dcef7009-6b94-4382-afdc-17eb160d709a/resourceGroups/rg-apim-genai-300prod/providers/Microsoft.ApiManagement/service/apim-external-300prod/apis/api-azure-openai;rev=1",
            "api_management_name": "apim-external-300prod",
            "display_name": "openai-subscription",
            "id": "/subscriptions/dcef7009-6b94-4382-afdc-17eb160d709a/resourceGroups/rg-apim-genai-300prod/providers/Microsoft.ApiManagement/service/apim-external-300prod/subscriptions/1fe4e3b6-8d5f-4896-b92f-6512b3ebe766",
            "primary_key": "da0ffc371d324190b27991f4ac0e17e9",
            "product_id": "",
            "resource_group_name": "rg-apim-genai-300prod",
            "secondary_key": "42daf40541174db0a9acf3681bf2e2fa",
            "state": "active",
            "subscription_id": "1fe4e3b6-8d5f-4896-b92f-6512b3ebe766",
            "timeouts": null,
            "user_id": ""
          },
          "sensitive_attributes": [
            [
              {
                "type": "get_attr",
                "value": "primary_key"
              }
            ],
            [
              {
                "type": "get_attr",
                "value": "secondary_key"
              }
            ]
          ],
          "private": "eyJlMmJmYjczMC1lY2FhLTExZTYtOGY4OC0zNDM2M2JjN2M0YzAiOnsiY3JlYXRlIjoxODAwMDAwMDAwMDAwLCJkZWxldGUiOjE4MDAwMDAwMDAwMDAsInJlYWQiOjMwMDAwMDAwMDAwMCwidXBkYXRlIjoxODAwMDAwMDAwMDAwfX0=",
          "dependencies": [
            "azurerm_api_management.apim",
            "azurerm_api_management_api.api-azure-openai",
            "azurerm_resource_group.rg"
          ]
        }
      ]
    },
    {
      "mode": "managed",
      "type": "azurerm_cognitive_deployment",
      "name": "gpt-4o",
      "provider": "provider[\"registry.terraform.io/hashicorp/azurerm\"]",
      "instances": [
        {
          "index_key": "openai-frc",
          "schema_version": 0,
          "attributes": {
            "cognitive_account_id": "/subscriptions/dcef7009-6b94-4382-afdc-17eb160d709a/resourceGroups/rg-apim-genai-300prod/providers/Microsoft.CognitiveServices/accounts/openai-frc",
            "dynamic_throttling_enabled": false,
            "id": "/subscriptions/dcef7009-6b94-4382-afdc-17eb160d709a/resourceGroups/rg-apim-genai-300prod/providers/Microsoft.CognitiveServices/accounts/openai-frc/deployments/gpt-4o",
            "model": [
              {
                "format": "OpenAI",
                "name": "gpt-4o",
                "version": "2024-08-06"
              }
            ],
            "name": "gpt-4o",
            "rai_policy_name": "",
            "sku": [
              {
                "capacity": 20,
                "family": "",
                "name": "GlobalStandard",
                "size": "",
                "tier": ""
              }
            ],
            "timeouts": null,
            "version_upgrade_option": "OnceNewDefaultVersionAvailable"
          },
          "sensitive_attributes": [],
          "private": "eyJlMmJmYjczMC1lY2FhLTExZTYtOGY4OC0zNDM2M2JjN2M0YzAiOnsiY3JlYXRlIjoxODAwMDAwMDAwMDAwLCJkZWxldGUiOjE4MDAwMDAwMDAwMDAsInJlYWQiOjMwMDAwMDAwMDAwMCwidXBkYXRlIjoxODAwMDAwMDAwMDAwfX0=",
          "dependencies": [
            "azurerm_ai_services.ai-services",
            "azurerm_resource_group.rg"
          ]
        },
        {
          "index_key": "openai-swc",
          "schema_version": 0,
          "attributes": {
            "cognitive_account_id": "/subscriptions/dcef7009-6b94-4382-afdc-17eb160d709a/resourceGroups/rg-apim-genai-300prod/providers/Microsoft.CognitiveServices/accounts/openai-swc",
            "dynamic_throttling_enabled": false,
            "id": "/subscriptions/dcef7009-6b94-4382-afdc-17eb160d709a/resourceGroups/rg-apim-genai-300prod/providers/Microsoft.CognitiveServices/accounts/openai-swc/deployments/gpt-4o",
            "model": [
              {
                "format": "OpenAI",
                "name": "gpt-4o",
                "version": "2024-08-06"
              }
            ],
            "name": "gpt-4o",
            "rai_policy_name": "",
            "sku": [
              {
                "capacity": 20,
                "family": "",
                "name": "GlobalStandard",
                "size": "",
                "tier": ""
              }
            ],
            "timeouts": null,
            "version_upgrade_option": "OnceNewDefaultVersionAvailable"
          },
          "sensitive_attributes": [],
          "private": "eyJlMmJmYjczMC1lY2FhLTExZTYtOGY4OC0zNDM2M2JjN2M0YzAiOnsiY3JlYXRlIjoxODAwMDAwMDAwMDAwLCJkZWxldGUiOjE4MDAwMDAwMDAwMDAsInJlYWQiOjMwMDAwMDAwMDAwMCwidXBkYXRlIjoxODAwMDAwMDAwMDAwfX0=",
          "dependencies": [
            "azurerm_ai_services.ai-services",
            "azurerm_resource_group.rg"
          ]
        },
        {
          "index_key": "openai-uks",
          "schema_version": 0,
          "attributes": {
            "cognitive_account_id": "/subscriptions/dcef7009-6b94-4382-afdc-17eb160d709a/resourceGroups/rg-apim-genai-300prod/providers/Microsoft.CognitiveServices/accounts/openai-uks",
            "dynamic_throttling_enabled": false,
            "id": "/subscriptions/dcef7009-6b94-4382-afdc-17eb160d709a/resourceGroups/rg-apim-genai-300prod/providers/Microsoft.CognitiveServices/accounts/openai-uks/deployments/gpt-4o",
            "model": [
              {
                "format": "OpenAI",
                "name": "gpt-4o",
                "version": "2024-08-06"
              }
            ],
            "name": "gpt-4o",
            "rai_policy_name": "",
            "sku": [
              {
                "capacity": 20,
                "family": "",
                "name": "GlobalStandard",
                "size": "",
                "tier": ""
              }
            ],
            "timeouts": null,
            "version_upgrade_option": "OnceNewDefaultVersionAvailable"
          },
          "sensitive_attributes": [],
          "private": "eyJlMmJmYjczMC1lY2FhLTExZTYtOGY4OC0zNDM2M2JjN2M0YzAiOnsiY3JlYXRlIjoxODAwMDAwMDAwMDAwLCJkZWxldGUiOjE4MDAwMDAwMDAwMDAsInJlYWQiOjMwMDAwMDAwMDAwMCwidXBkYXRlIjoxODAwMDAwMDAwMDAwfX0=",
          "dependencies": [
            "azurerm_ai_services.ai-services",
            "azurerm_resource_group.rg"
          ]
        }
      ]
    },
    {
      "mode": "managed",
      "type": "azurerm_resource_group",
      "name": "rg",
      "provider": "provider[\"registry.terraform.io/hashicorp/azurerm\"]",
      "instances": [
        {
          "schema_version": 0,
          "attributes": {
            "id": "/subscriptions/dcef7009-6b94-4382-afdc-17eb160d709a/resourceGroups/rg-apim-genai-300prod",
            "location": "swedencentral",
            "managed_by": "",
            "name": "rg-apim-genai-300prod",
            "tags": null,
            "timeouts": null
          },
          "sensitive_attributes": [],
          "private": "eyJlMmJmYjczMC1lY2FhLTExZTYtOGY4OC0zNDM2M2JjN2M0YzAiOnsiY3JlYXRlIjo1NDAwMDAwMDAwMDAwLCJkZWxldGUiOjU0MDAwMDAwMDAwMDAsInJlYWQiOjMwMDAwMDAwMDAwMCwidXBkYXRlIjo1NDAwMDAwMDAwMDAwfX0="
        }
      ]
    },
    {
      "mode": "managed",
      "type": "azurerm_role_assignment",
      "name": "Cognitive-Services-OpenAI-User",
      "provider": "provider[\"registry.terraform.io/hashicorp/azurerm\"]",
      "instances": [
        {
          "index_key": "openai-frc",
          "schema_version": 0,
          "attributes": {
            "condition": "",
            "condition_version": "",
            "delegated_managed_identity_resource_id": "",
            "description": "",
            "id": "/subscriptions/dcef7009-6b94-4382-afdc-17eb160d709a/resourceGroups/rg-apim-genai-300prod/providers/Microsoft.CognitiveServices/accounts/openai-frc/providers/Microsoft.Authorization/roleAssignments/5ce6f0b2-99e7-ce0c-57b1-35601da7a9eb",
            "name": "5ce6f0b2-99e7-ce0c-57b1-35601da7a9eb",
            "principal_id": "9a737d1e-d6fc-4bee-8d9e-82861a9cb351",
            "principal_type": "ServicePrincipal",
            "role_definition_id": "/subscriptions/dcef7009-6b94-4382-afdc-17eb160d709a/providers/Microsoft.Authorization/roleDefinitions/5e0bd9bd-7b93-4f28-af87-19fc36ad61bd",
            "role_definition_name": "Cognitive Services OpenAI User",
            "scope": "/subscriptions/dcef7009-6b94-4382-afdc-17eb160d709a/resourceGroups/rg-apim-genai-300prod/providers/Microsoft.CognitiveServices/accounts/openai-frc",
            "skip_service_principal_aad_check": null,
            "timeouts": null
          },
          "sensitive_attributes": [],
          "private": "eyJlMmJmYjczMC1lY2FhLTExZTYtOGY4OC0zNDM2M2JjN2M0YzAiOnsiY3JlYXRlIjoxODAwMDAwMDAwMDAwLCJkZWxldGUiOjE4MDAwMDAwMDAwMDAsInJlYWQiOjMwMDAwMDAwMDAwMH19",
          "dependencies": [
            "azurerm_ai_services.ai-services",
            "azurerm_api_management.apim",
            "azurerm_resource_group.rg"
          ]
        },
        {
          "index_key": "openai-swc",
          "schema_version": 0,
          "attributes": {
            "condition": "",
            "condition_version": "",
            "delegated_managed_identity_resource_id": "",
            "description": "",
            "id": "/subscriptions/dcef7009-6b94-4382-afdc-17eb160d709a/resourceGroups/rg-apim-genai-300prod/providers/Microsoft.CognitiveServices/accounts/openai-swc/providers/Microsoft.Authorization/roleAssignments/d71ec52b-3dbc-80ee-5e78-bbaf25fd61fe",
            "name": "d71ec52b-3dbc-80ee-5e78-bbaf25fd61fe",
            "principal_id": "9a737d1e-d6fc-4bee-8d9e-82861a9cb351",
            "principal_type": "ServicePrincipal",
            "role_definition_id": "/subscriptions/dcef7009-6b94-4382-afdc-17eb160d709a/providers/Microsoft.Authorization/roleDefinitions/5e0bd9bd-7b93-4f28-af87-19fc36ad61bd",
            "role_definition_name": "Cognitive Services OpenAI User",
            "scope": "/subscriptions/dcef7009-6b94-4382-afdc-17eb160d709a/resourceGroups/rg-apim-genai-300prod/providers/Microsoft.CognitiveServices/accounts/openai-swc",
            "skip_service_principal_aad_check": null,
            "timeouts": null
          },
          "sensitive_attributes": [],
          "private": "eyJlMmJmYjczMC1lY2FhLTExZTYtOGY4OC0zNDM2M2JjN2M0YzAiOnsiY3JlYXRlIjoxODAwMDAwMDAwMDAwLCJkZWxldGUiOjE4MDAwMDAwMDAwMDAsInJlYWQiOjMwMDAwMDAwMDAwMH19",
          "dependencies": [
            "azurerm_ai_services.ai-services",
            "azurerm_api_management.apim",
            "azurerm_resource_group.rg"
          ]
        },
        {
          "index_key": "openai-uks",
          "schema_version": 0,
          "attributes": {
            "condition": "",
            "condition_version": "",
            "delegated_managed_identity_resource_id": "",
            "description": "",
            "id": "/subscriptions/dcef7009-6b94-4382-afdc-17eb160d709a/resourceGroups/rg-apim-genai-300prod/providers/Microsoft.CognitiveServices/accounts/openai-uks/providers/Microsoft.Authorization/roleAssignments/f635aead-887c-ec31-5112-6ba205694db9",
            "name": "f635aead-887c-ec31-5112-6ba205694db9",
            "principal_id": "9a737d1e-d6fc-4bee-8d9e-82861a9cb351",
            "principal_type": "ServicePrincipal",
            "role_definition_id": "/subscriptions/dcef7009-6b94-4382-afdc-17eb160d709a/providers/Microsoft.Authorization/roleDefinitions/5e0bd9bd-7b93-4f28-af87-19fc36ad61bd",
            "role_definition_name": "Cognitive Services OpenAI User",
            "scope": "/subscriptions/dcef7009-6b94-4382-afdc-17eb160d709a/resourceGroups/rg-apim-genai-300prod/providers/Microsoft.CognitiveServices/accounts/openai-uks",
            "skip_service_principal_aad_check": null,
            "timeouts": null
          },
          "sensitive_attributes": [],
          "private": "eyJlMmJmYjczMC1lY2FhLTExZTYtOGY4OC0zNDM2M2JjN2M0YzAiOnsiY3JlYXRlIjoxODAwMDAwMDAwMDAwLCJkZWxldGUiOjE4MDAwMDAwMDAwMDAsInJlYWQiOjMwMDAwMDAwMDAwMH19",
          "dependencies": [
            "azurerm_ai_services.ai-services",
            "azurerm_api_management.apim",
            "azurerm_resource_group.rg"
          ]
        }
      ]
    },
    {
      "mode": "managed",
      "type": "azurerm_subnet",
      "name": "snet-apim",
      "provider": "provider[\"registry.terraform.io/hashicorp/azurerm\"]",
      "instances": [
        {
          "schema_version": 0,
          "attributes": {
            "address_prefixes": [
              "10.0.0.0/24"
            ],
            "default_outbound_access_enabled": true,
            "delegation": [],
            "id": "/subscriptions/dcef7009-6b94-4382-afdc-17eb160d709a/resourceGroups/rg-apim-genai-300prod/providers/Microsoft.Network/virtualNetworks/vnet-app/subnets/snet-apim",
            "name": "snet-apim",
            "private_endpoint_network_policies": "Disabled",
            "private_link_service_network_policies_enabled": true,
            "resource_group_name": "rg-apim-genai-300prod",
            "service_endpoint_policy_ids": null,
            "service_endpoints": [
              "Microsoft.Web"
            ],
            "timeouts": null,
            "virtual_network_name": "vnet-app"
          },
          "sensitive_attributes": [],
          "private": "eyJlMmJmYjczMC1lY2FhLTExZTYtOGY4OC0zNDM2M2JjN2M0YzAiOnsiY3JlYXRlIjoxODAwMDAwMDAwMDAwLCJkZWxldGUiOjE4MDAwMDAwMDAwMDAsInJlYWQiOjMwMDAwMDAwMDAwMCwidXBkYXRlIjoxODAwMDAwMDAwMDAwfX0=",
          "dependencies": [
            "azurerm_resource_group.rg",
            "azurerm_virtual_network.vnet-app"
          ]
        }
      ]
    },
    {
      "mode": "managed",
      "type": "azurerm_virtual_network",
      "name": "vnet-app",
      "provider": "provider[\"registry.terraform.io/hashicorp/azurerm\"]",
      "instances": [
        {
          "schema_version": 0,
          "attributes": {
            "address_space": [
              "10.0.0.0/16"
            ],
            "bgp_community": "",
            "ddos_protection_plan": [],
            "dns_servers": [],
            "edge_zone": "",
            "encryption": [],
            "flow_timeout_in_minutes": 0,
            "guid": "3ba44094-4acc-4f9e-bce1-30768b12cd26",
            "id": "/subscriptions/dcef7009-6b94-4382-afdc-17eb160d709a/resourceGroups/rg-apim-genai-300prod/providers/Microsoft.Network/virtualNetworks/vnet-app",
            "location": "swedencentral",
            "name": "vnet-app",
            "resource_group_name": "rg-apim-genai-300prod",
            "subnet": [],
            "tags": null,
            "timeouts": null
          },
          "sensitive_attributes": [],
          "private": "eyJlMmJmYjczMC1lY2FhLTExZTYtOGY4OC0zNDM2M2JjN2M0YzAiOnsiY3JlYXRlIjoxODAwMDAwMDAwMDAwLCJkZWxldGUiOjE4MDAwMDAwMDAwMDAsInJlYWQiOjMwMDAwMDAwMDAwMCwidXBkYXRlIjoxODAwMDAwMDAwMDAwfX0=",
          "dependencies": [
            "azurerm_resource_group.rg"
          ]
        }
      ]
    }
  ],
  "check_results": null
}
